
Microsoft Visual Studio Solution File, Format Version 12.00
# Visual Studio Version 16
Project("{8BC9CEB8-8B4A-11D0-8D11-00A0C91BC942}") = "ALL_BUILD", "ALL_BUILD.vcxproj", "{09FD9F1D-BAE1-33E8-9FC5-3F76A2779DBC}"
	ProjectSection(ProjectDependencies) = postProject
		{6BA61094-CF36-3C9E-ABC0-2C95F03F984C} = {6BA61094-CF36-3C9E-ABC0-2C95F03F984C}
		{0FA32236-DC19-364D-8576-A7E385751D22} = {0FA32236-DC19-364D-8576-A7E385751D22}
		{D2709DED-70E1-3E71-89D8-935A2884530F} = {D2709DED-70E1-3E71-89D8-935A2884530F}
	EndProjectSection
EndProject
Project("{8BC9CEB8-8B4A-11D0-8D11-00A0C91BC942}") = "INSTALL", "INSTALL.vcxproj", "{4CA9C9E0-27A0-3D2C-AAB5-BB1BDC0AE9C5}"
	ProjectSection(ProjectDependencies) = postProject
		{09FD9F1D-BAE1-33E8-9FC5-3F76A2779DBC} = {09FD9F1D-BAE1-33E8-9FC5-3F76A2779DBC}
		{6BA61094-CF36-3C9E-ABC0-2C95F03F984C} = {6BA61094-CF36-3C9E-ABC0-2C95F03F984C}
	EndProjectSection
EndProject
Project("{8BC9CEB8-8B4A-11D0-8D11-00A0C91BC942}") = "ZERO_CHECK", "..\..\\ZERO_CHECK.vcxproj", "{6BA61094-CF36-3C9E-ABC0-2C95F03F984C}"
	ProjectSection(ProjectDependencies) = postProject
	EndProjectSection
EndProject
Project("{8BC9CEB8-8B4A-11D0-8D11-00A0C91BC942}") = "zlib", "zlib.vcxproj", "{0FA32236-DC19-364D-8576-A7E385751D22}"
	ProjectSection(ProjectDependencies) = postProject
		{6BA61094-CF36-3C9E-ABC0-2C95F03F984C} = {6BA61094-CF36-3C9E-ABC0-2C95F03F984C}
	EndProjectSection
EndProject
Project("{8BC9CEB8-8B4A-11D0-8D11-00A0C91BC942}") = "zlibstatic", "zlibstatic.vcxproj", "{D2709DED-70E1-3E71-89D8-935A2884530F}"
	ProjectSection(ProjectDependencies) = postProject
		{6BA61094-CF36-3C9E-ABC0-2C95F03F984C} = {6BA61094-CF36-3C9E-ABC0-2C95F03F984C}
	EndProjectSection
EndProject
Global
	GlobalSection(SolutionConfigurationPlatforms) = preSolution
		Debug|x64 = Debug|x64
		Release|x64 = Release|x64
		MinSizeRel|x64 = MinSizeRel|x64
		RelWithDebInfo|x64 = RelWithDebInfo|x64
	EndGlobalSection
	GlobalSection(ProjectConfigurationPlatforms) = postSolution
		{09FD9F1D-BAE1-33E8-9FC5-3F76A2779DBC}.Debug|x64.ActiveCfg = Debug|x64
		{09FD9F1D-BAE1-33E8-9FC5-3F76A2779DBC}.Debug|x64.Build.0 = Debug|x64
		{09FD9F1D-BAE1-33E8-9FC5-3F76A2779DBC}.Release|x64.ActiveCfg = Release|x64
		{09FD9F1D-BAE1-33E8-9FC5-3F76A2779DBC}.Release|x64.Build.0 = Release|x64
		{09FD9F1D-BAE1-33E8-9FC5-3F76A2779DBC}.MinSizeRel|x64.ActiveCfg = MinSizeRel|x64
		{09FD9F1D-BAE1-33E8-9FC5-3F76A2779DBC}.MinSizeRel|x64.Build.0 = MinSizeRel|x64
		{09FD9F1D-BAE1-33E8-9FC5-3F76A2779DBC}.RelWithDebInfo|x64.ActiveCfg = RelWithDebInfo|x64
		{09FD9F1D-BAE1-33E8-9FC5-3F76A2779DBC}.RelWithDebInfo|x64.Build.0 = RelWithDebInfo|x64
		{4CA9C9E0-27A0-3D2C-AAB5-BB1BDC0AE9C5}.Debug|x64.ActiveCfg = Debug|x64
		{4CA9C9E0-27A0-3D2C-AAB5-BB1BDC0AE9C5}.Release|x64.ActiveCfg = Release|x64
		{4CA9C9E0-27A0-3D2C-AAB5-BB1BDC0AE9C5}.MinSizeRel|x64.ActiveCfg = MinSizeRel|x64
		{4CA9C9E0-27A0-3D2C-AAB5-BB1BDC0AE9C5}.RelWithDebInfo|x64.ActiveCfg = RelWithDebInfo|x64
		{6BA61094-CF36-3C9E-ABC0-2C95F03F984C}.Debug|x64.ActiveCfg = Debug|x64
		{6BA61094-CF36-3C9E-ABC0-2C95F03F984C}.Debug|x64.Build.0 = Debug|x64
		{6BA61094-CF36-3C9E-ABC0-2C95F03F984C}.Release|x64.ActiveCfg = Release|x64
		{6BA61094-CF36-3C9E-ABC0-2C95F03F984C}.Release|x64.Build.0 = Release|x64
		{6BA61094-CF36-3C9E-ABC0-2C95F03F984C}.MinSizeRel|x64.ActiveCfg = MinSizeRel|x64
		{6BA61094-CF36-3C9E-ABC0-2C95F03F984C}.MinSizeRel|x64.Build.0 = MinSizeRel|x64
		{6BA61094-CF36-3C9E-ABC0-2C95F03F984C}.RelWithDebInfo|x64.ActiveCfg = RelWithDebInfo|x64
		{6BA61094-CF36-3C9E-ABC0-2C95F03F984C}.RelWithDebInfo|x64.Build.0 = RelWithDebInfo|x64
		{0FA32236-DC19-364D-8576-A7E385751D22}.Debug|x64.ActiveCfg = Debug|x64
		{0FA32236-DC19-364D-8576-A7E385751D22}.Debug|x64.Build.0 = Debug|x64
		{0FA32236-DC19-364D-8576-A7E385751D22}.Release|x64.ActiveCfg = Release|x64
		{0FA32236-DC19-364D-8576-A7E385751D22}.Release|x64.Build.0 = Release|x64
		{0FA32236-DC19-364D-8576-A7E385751D22}.MinSizeRel|x64.ActiveCfg = MinSizeRel|x64
		{0FA32236-DC19-364D-8576-A7E385751D22}.MinSizeRel|x64.Build.0 = MinSizeRel|x64
		{0FA32236-DC19-364D-8576-A7E385751D22}.RelWithDebInfo|x64.ActiveCfg = RelWithDebInfo|x64
		{0FA32236-DC19-364D-8576-A7E385751D22}.RelWithDebInfo|x64.Build.0 = RelWithDebInfo|x64
		{D2709DED-70E1-3E71-89D8-935A2884530F}.Debug|x64.ActiveCfg = Debug|x64
		{D2709DED-70E1-3E71-89D8-935A2884530F}.Debug|x64.Build.0 = Debug|x64
		{D2709DED-70E1-3E71-89D8-935A2884530F}.Release|x64.ActiveCfg = Release|x64
		{D2709DED-70E1-3E71-89D8-935A2884530F}.Release|x64.Build.0 = Release|x64
		{D2709DED-70E1-3E71-89D8-935A2884530F}.MinSizeRel|x64.ActiveCfg = MinSizeRel|x64
		{D2709DED-70E1-3E71-89D8-935A2884530F}.MinSizeRel|x64.Build.0 = MinSizeRel|x64
		{D2709DED-70E1-3E71-89D8-935A2884530F}.RelWithDebInfo|x64.ActiveCfg = RelWithDebInfo|x64
		{D2709DED-70E1-3E71-89D8-935A2884530F}.RelWithDebInfo|x64.Build.0 = RelWithDebInfo|x64
	EndGlobalSection
	GlobalSection(ExtensibilityGlobals) = postSolution
		SolutionGuid = {1F2F3987-EE84-39A3-A583-F0BDB46E3292}
	EndGlobalSection
	GlobalSection(ExtensibilityAddIns) = postSolution
	EndGlobalSection
EndGlobal
