<?xml version="1.0" encoding="utf-8"?>
<Project ToolsVersion="4.0" xmlns="http://schemas.microsoft.com/developer/msbuild/2003">
  <ItemGroup>
    <Filter Include="98. Default">
      <UniqueIdentifier>{8d6de13f-e8e6-4989-8fb1-a444792258c7}</UniqueIdentifier>
    </Filter>
    <Filter Include="00. MainTool">
      <UniqueIdentifier>{27073c27-33ae-4248-9573-a123518a6a01}</UniqueIdentifier>
    </Filter>
    <Filter Include="99. Defines">
      <UniqueIdentifier>{ef853ddf-2491-454b-ac61-567e49a03b02}</UniqueIdentifier>
    </Filter>
    <Filter Include="97. Imgui">
      <UniqueIdentifier>{11a36565-786b-461f-b405-129ec9bd88ab}</UniqueIdentifier>
    </Filter>
    <Filter Include="97. Imgui\Default">
      <UniqueIdentifier>{7981e489-ea10-40b7-b1dc-f78c84bd27fd}</UniqueIdentifier>
    </Filter>
    <Filter Include="01. Tools">
      <UniqueIdentifier>{2dcb6a29-6441-431b-8a24-6332a803f474}</UniqueIdentifier>
    </Filter>
    <Filter Include="02. GameObjects">
      <UniqueIdentifier>{ac98b305-1973-4a85-affa-c9e94fc9c779}</UniqueIdentifier>
    </Filter>
    <Filter Include="01. Tools\00. Effect">
      <UniqueIdentifier>{b239fad8-9635-4162-bef4-b87bf494d0b8}</UniqueIdentifier>
    </Filter>
    <Filter Include="01. Tools\01. UI">
      <UniqueIdentifier>{e825183a-1b04-41f7-b667-0d0b12a6670f}</UniqueIdentifier>
    </Filter>
    <Filter Include="01. Tools\02. Object">
      <UniqueIdentifier>{561e6721-33cc-4283-8ffd-0a63369b3e7f}</UniqueIdentifier>
    </Filter>
    <Filter Include="02. GameObjects\00. BackGround">
      <UniqueIdentifier>{3fff2839-f750-46d3-82b7-d7e4e49f6eb2}</UniqueIdentifier>
    </Filter>
    <Filter Include="97. Imgui\Manager">
      <UniqueIdentifier>{0bb03379-8f16-407f-a176-85f2abb9a3ad}</UniqueIdentifier>
    </Filter>
    <Filter Include="02. GameObjects\01. test">
      <UniqueIdentifier>{4d4af688-ee30-4ada-8d1a-786e61785e11}</UniqueIdentifier>
    </Filter>
  </ItemGroup>
  <ItemGroup>
    <ClInclude Include="Resource.h">
      <Filter>98. Default</Filter>
    </ClInclude>
    <ClInclude Include="targetver.h">
      <Filter>98. Default</Filter>
    </ClInclude>
    <ClInclude Include="Tool.h">
      <Filter>98. Default</Filter>
    </ClInclude>
    <ClInclude Include="..\Public\MainTool.h">
      <Filter>00. MainTool</Filter>
    </ClInclude>
    <ClInclude Include="..\Public\Tool_Defines.h">
      <Filter>99. Defines</Filter>
    </ClInclude>
    <ClInclude Include="stdafx.h">
      <Filter>98. Default</Filter>
    </ClInclude>
    <ClInclude Include="..\Public\T_BackGround.h">
      <Filter>02. GameObjects\00. BackGround</Filter>
    </ClInclude>
    <ClInclude Include="..\Public\Imgui_Manager.h">
      <Filter>97. Imgui\Manager</Filter>
    </ClInclude>
    <ClInclude Include="..\..\Reference\Imgui\imgui_internal.h">
      <Filter>97. Imgui\Default</Filter>
    </ClInclude>
    <ClInclude Include="..\..\Reference\Imgui\imstb_rectpack.h">
      <Filter>97. Imgui\Default</Filter>
    </ClInclude>
    <ClInclude Include="..\..\Reference\Imgui\imstb_textedit.h">
      <Filter>97. Imgui\Default</Filter>
    </ClInclude>
    <ClInclude Include="..\..\Reference\Imgui\imstb_truetype.h">
      <Filter>97. Imgui\Default</Filter>
    </ClInclude>
    <ClInclude Include="..\..\Reference\Imgui\imconfig.h">
      <Filter>97. Imgui\Default</Filter>
    </ClInclude>
    <ClInclude Include="..\..\Reference\Imgui\imgui.h">
      <Filter>97. Imgui\Default</Filter>
    </ClInclude>
    <ClInclude Include="..\..\Reference\Imgui\imgui_impl_dx11.h">
      <Filter>97. Imgui\Default</Filter>
    </ClInclude>
    <ClInclude Include="..\..\Reference\Imgui\imgui_impl_win32.h">
      <Filter>97. Imgui\Default</Filter>
    </ClInclude>
    <ClInclude Include="..\Public\BackGround.h">
      <Filter>02. GameObjects\01. test</Filter>
    </ClInclude>
  </ItemGroup>
  <ItemGroup>
    <Image Include="small.ico">
      <Filter>98. Default</Filter>
    </Image>
    <Image Include="Tool.ico">
      <Filter>98. Default</Filter>
    </Image>
  </ItemGroup>
  <ItemGroup>
    <ResourceCompile Include="Tool.rc">
      <Filter>98. Default</Filter>
    </ResourceCompile>
  </ItemGroup>
  <ItemGroup>
    <ClCompile Include="Tool.cpp">
      <Filter>98. Default</Filter>
    </ClCompile>
    <ClCompile Include="..\Private\MainTool.cpp">
      <Filter>00. MainTool</Filter>
    </ClCompile>
    <ClCompile Include="stdafx.cpp">
      <Filter>98. Default</Filter>
    </ClCompile>
    <ClCompile Include="..\Private\T_BackGround.cpp">
      <Filter>02. GameObjects\00. BackGround</Filter>
    </ClCompile>
    <ClCompile Include="..\Private\Imgui_Manager.cpp">
      <Filter>97. Imgui\Manager</Filter>
    </ClCompile>
    <ClCompile Include="..\..\Reference\Imgui\imgui_tables.cpp">
      <Filter>97. Imgui\Default</Filter>
    </ClCompile>
    <ClCompile Include="..\..\Reference\Imgui\imgui_widgets.cpp">
      <Filter>97. Imgui\Default</Filter>
    </ClCompile>
    <ClCompile Include="..\..\Reference\Imgui\imgui.cpp">
      <Filter>97. Imgui\Default</Filter>
    </ClCompile>
    <ClCompile Include="..\..\Reference\Imgui\imgui_demo.cpp">
      <Filter>97. Imgui\Default</Filter>
    </ClCompile>
    <ClCompile Include="..\..\Reference\Imgui\imgui_draw.cpp">
      <Filter>97. Imgui\Default</Filter>
    </ClCompile>
    <ClCompile Include="..\..\Reference\Imgui\imgui_impl_dx11.cpp">
      <Filter>97. Imgui\Default</Filter>
    </ClCompile>
    <ClCompile Include="..\..\Reference\Imgui\imgui_impl_win32.cpp">
      <Filter>97. Imgui\Default</Filter>
    </ClCompile>
    <ClCompile Include="..\Private\BackGround.cpp">
      <Filter>02. GameObjects\01. test</Filter>
    </ClCompile>
  </ItemGroup>
</Project>