<?xml version="1.0" encoding="utf-8"?>
<Project ToolsVersion="4.0" xmlns="http://schemas.microsoft.com/developer/msbuild/2003">
  <ItemGroup>
    <Filter Include="99. Defines">
      <UniqueIdentifier>{d0e54a09-198b-4260-ade5-c39ff5b26346}</UniqueIdentifier>
    </Filter>
    <Filter Include="01. Utility">
      <UniqueIdentifier>{8d1d710a-2b5b-4929-974e-97740f39f91d}</UniqueIdentifier>
    </Filter>
    <Filter Include="01. Utility\01. Levels">
      <UniqueIdentifier>{fa29f4da-4593-45c0-9c84-f2268fec1c0b}</UniqueIdentifier>
    </Filter>
    <Filter Include="01. Utility\01. Levels\Manager">
      <UniqueIdentifier>{c43448e8-4761-41cd-9f85-ab9f33c74985}</UniqueIdentifier>
    </Filter>
    <Filter Include="01. Utility\02. GameObjects">
      <UniqueIdentifier>{43e5d70b-86fa-40c9-b39f-9f2eff934aa0}</UniqueIdentifier>
    </Filter>
    <Filter Include="01. Utility\02. GameObjects\99. Manager">
      <UniqueIdentifier>{b0093708-fcff-453f-a7af-31c2ec871513}</UniqueIdentifier>
    </Filter>
    <Filter Include="01. Utility\02. GameObjects\01. Camera">
      <UniqueIdentifier>{94686ab7-21b7-49fa-a356-ccb201511af8}</UniqueIdentifier>
    </Filter>
    <Filter Include="01. Utility\02. GameObjects\00. Layer">
      <UniqueIdentifier>{011c11ea-c003-40e5-9051-8e93b908a184}</UniqueIdentifier>
    </Filter>
    <Filter Include="01. Utility\99. SuperClass">
      <UniqueIdentifier>{44a8a7cb-d2da-403d-87ee-1a2874baef33}</UniqueIdentifier>
    </Filter>
    <Filter Include="01. Utility\98. Renderer">
      <UniqueIdentifier>{f5523365-7705-4c28-8e90-85eee243de99}</UniqueIdentifier>
    </Filter>
    <Filter Include="01. Utility\03. Components">
      <UniqueIdentifier>{fa7483e5-d51b-4fe4-b037-043545b4e7c3}</UniqueIdentifier>
    </Filter>
    <Filter Include="01. Utility\03. Components\00. VIBuffer">
      <UniqueIdentifier>{3b5eaffc-58d3-4973-ba3a-3e1b66374964}</UniqueIdentifier>
    </Filter>
    <Filter Include="01. Utility\03. Components\00. VIBuffer\Rect">
      <UniqueIdentifier>{1c3282f8-0db7-4d7a-ba72-b0fe57aa2314}</UniqueIdentifier>
    </Filter>
    <Filter Include="01. Utility\03. Components\01. Transform">
      <UniqueIdentifier>{2b938682-393e-41ad-8d11-c9a067770e48}</UniqueIdentifier>
    </Filter>
    <Filter Include="01. Utility\03. Components\02. Texture">
      <UniqueIdentifier>{f7b2330b-238a-49ae-b36a-7d5a38741941}</UniqueIdentifier>
    </Filter>
    <Filter Include="01. Utility\00. GameInstance">
      <UniqueIdentifier>{c0ebda6b-598f-4148-ada3-a52766431af3}</UniqueIdentifier>
    </Filter>
    <Filter Include="00. System">
      <UniqueIdentifier>{1a19cb95-8c54-4580-9bac-d90c8097c672}</UniqueIdentifier>
    </Filter>
    <Filter Include="00. System\00. Device">
      <UniqueIdentifier>{c07587fb-53fc-43c6-aa64-fa335183d65e}</UniqueIdentifier>
    </Filter>
    <Filter Include="00. System\00. Device\00. Graphic">
      <UniqueIdentifier>{cfb8e694-d194-4871-8c34-023cd87ba3f9}</UniqueIdentifier>
    </Filter>
    <Filter Include="00. System\00. Device\01. Input">
      <UniqueIdentifier>{2a29d652-f4d6-4106-90ce-604b5dad4969}</UniqueIdentifier>
    </Filter>
    <Filter Include="00. System\01. Timers">
      <UniqueIdentifier>{ef27a88d-d315-45c9-9568-854be87df467}</UniqueIdentifier>
    </Filter>
    <Filter Include="00. System\01. Timers\Manager">
      <UniqueIdentifier>{e3ce577e-aea9-4224-8a22-73a941cc9068}</UniqueIdentifier>
    </Filter>
    <Filter Include="01. Utility\03. Components\03. Shader">
      <UniqueIdentifier>{1596a05b-9026-4c8f-9c9c-cc36c0823e6a}</UniqueIdentifier>
    </Filter>
    <Filter Include="01. Utility\03. Components\99. Manager">
      <UniqueIdentifier>{cb9b957b-07cb-40f3-8bd3-fe69fdcaff14}</UniqueIdentifier>
    </Filter>
    <Filter Include="00. System\02. Sound">
      <UniqueIdentifier>{c118ba01-f5c4-4c93-8f15-b4c6846f31b8}</UniqueIdentifier>
    </Filter>
    <Filter Include="01. Utility\03. Components\00. VIBuffer\Terrain">
      <UniqueIdentifier>{5acc8d6c-cdac-4363-81f8-072aaa4cc652}</UniqueIdentifier>
    </Filter>
    <Filter Include="01. Utility\04. PipeLine">
      <UniqueIdentifier>{2d6c8f69-9ac5-4f15-9af2-c0d1de87cf63}</UniqueIdentifier>
    </Filter>
    <Filter Include="01. Utility\03. Components\00. VIBuffer\Ground">
      <UniqueIdentifier>{29d62c91-757b-4fae-b8a0-5c58b44b18ea}</UniqueIdentifier>
    </Filter>
    <Filter Include="01. Utility\03. Components\04. Model">
      <UniqueIdentifier>{3086ff2a-d50c-42e3-979c-a702ebd959b2}</UniqueIdentifier>
    </Filter>
    <Filter Include="01. Utility\03. Components\04. Model\00. Mesh">
      <UniqueIdentifier>{bfbf55c2-608c-49b4-b67f-0aa9b847eb63}</UniqueIdentifier>
    </Filter>
    <Filter Include="01. Utility\03. Components\04. Model\01. Bone">
      <UniqueIdentifier>{cd1553dd-bc77-498c-9a75-c0ad05ca25a9}</UniqueIdentifier>
    </Filter>
    <Filter Include="01. Utility\03. Components\04. Model\02. Animation">
      <UniqueIdentifier>{07ec027b-32e4-4dbd-a3e1-6775fbed3108}</UniqueIdentifier>
    </Filter>
    <Filter Include="01. Utility\03. Components\04. Model\02. Animation\00. Channel">
      <UniqueIdentifier>{259c137e-1f09-4fa8-8435-33d6190df681}</UniqueIdentifier>
    </Filter>
    <Filter Include="01. Utility\05. Data">
      <UniqueIdentifier>{8f016567-a2ce-4016-bb37-e2169e43f852}</UniqueIdentifier>
    </Filter>
    <Filter Include="01. Utility\51. Json">
      <UniqueIdentifier>{8d5f54cc-030a-49d9-9c28-dafd46e9b5d9}</UniqueIdentifier>
    </Filter>
    <Filter Include="01. Utility\03. Components\05. Navigation">
      <UniqueIdentifier>{b6d75da7-a1f4-42d4-94ba-8a8875879ab5}</UniqueIdentifier>
    </Filter>
    <Filter Include="01. Utility\03. Components\05. Navigation\Cell">
      <UniqueIdentifier>{f7941108-66b1-46ce-84de-c8a1fd8e8a25}</UniqueIdentifier>
    </Filter>
    <Filter Include="01. Utility\03. Components\00. VIBuffer\Cell">
      <UniqueIdentifier>{7b74c240-f9b5-4a10-8434-73eba4b66313}</UniqueIdentifier>
    </Filter>
    <Filter Include="98. ShaderFiles">
      <UniqueIdentifier>{d2a090e2-1120-47e7-8883-3c4b02f680f0}</UniqueIdentifier>
    </Filter>
    <Filter Include="01. Utility\03. Components\00. VIBuffer\Cube">
      <UniqueIdentifier>{0fb9bcb5-b069-4251-8df4-17e38985fcdb}</UniqueIdentifier>
    </Filter>
    <Filter Include="01. Utility\03. Components\06. Collider">
      <UniqueIdentifier>{7e716c8f-a13e-4669-93bb-f5ca431d970f}</UniqueIdentifier>
    </Filter>
    <Filter Include="01. Utility\03. Components\06. Collider\99. DebugDraw">
      <UniqueIdentifier>{93007462-b820-47f8-b9ce-c0e1793e305b}</UniqueIdentifier>
    </Filter>
    <Filter Include="01. Utility\03. Components\06. Collider\00. BoundingType">
      <UniqueIdentifier>{c0c27c28-8309-4af3-b0e8-caf4dfb60170}</UniqueIdentifier>
    </Filter>
    <Filter Include="01. Utility\03. Components\06. Collider\00. BoundingType\00. AABB">
      <UniqueIdentifier>{c83b8c94-5faa-40d3-a02a-4dee3613a10a}</UniqueIdentifier>
    </Filter>
    <Filter Include="01. Utility\03. Components\06. Collider\00. BoundingType\01. OBB">
      <UniqueIdentifier>{834f1232-88de-4bde-bd1d-df62e9e7189e}</UniqueIdentifier>
    </Filter>
    <Filter Include="01. Utility\03. Components\06. Collider\00. BoundingType\02. SPHERE">
      <UniqueIdentifier>{c40aba33-322d-43c4-abcd-c86b30c018d0}</UniqueIdentifier>
    </Filter>
    <Filter Include="01. Utility\03. Components\07. RigidBody">
      <UniqueIdentifier>{021909ed-042d-4200-918b-2704512c014e}</UniqueIdentifier>
    </Filter>
    <Filter Include="01. Utility\03. Components\08. StateMachine">
      <UniqueIdentifier>{51e78cb9-4cae-4369-904c-e5165416e9fe}</UniqueIdentifier>
    </Filter>
    <Filter Include="01. Utility\03. Components\08. StateMachine\00. StateBase">
      <UniqueIdentifier>{deb5e7c1-ee4b-47d7-82d4-680dc27ddf02}</UniqueIdentifier>
    </Filter>
    <Filter Include="01. Utility\03. Components\08. StateMachine\99. StateMachine">
      <UniqueIdentifier>{5cf93a94-0898-4d3b-b0ae-8630c94fa4b3}</UniqueIdentifier>
    </Filter>
    <Filter Include="1000. Etc">
      <UniqueIdentifier>{13e605ae-8461-4955-b78b-f5fd7f8cdaea}</UniqueIdentifier>
    </Filter>
    <Filter Include="01. Utility\02. GameObjects\02. Part">
      <UniqueIdentifier>{f555567f-8e9f-41ea-96fe-7cd0e4aab98c}</UniqueIdentifier>
    </Filter>
    <Filter Include="01. Utility\06. Fonts">
      <UniqueIdentifier>{38b470a5-a552-4b4a-89a4-ce4a1e36bb2a}</UniqueIdentifier>
    </Filter>
    <Filter Include="01. Utility\06. Fonts\Manager">
      <UniqueIdentifier>{2743a8c7-8a99-4d88-9706-7bff64d9f957}</UniqueIdentifier>
    </Filter>
    <Filter Include="01. Utility\03. Components\00. VIBuffer\Particles">
      <UniqueIdentifier>{e9821b2f-d071-4ec0-9860-1486c94054a9}</UniqueIdentifier>
    </Filter>
    <Filter Include="01. Utility\03. Components\00. VIBuffer\Particles\Instancing">
      <UniqueIdentifier>{e85f7c3a-251a-42e9-8f7a-b586e37aade5}</UniqueIdentifier>
    </Filter>
    <Filter Include="01. Utility\03. Components\00. VIBuffer\Particles\Instancing\Point">
      <UniqueIdentifier>{1834745d-f8cd-4af8-980d-0a880af50a55}</UniqueIdentifier>
    </Filter>
    <Filter Include="01. Utility\03. Components\00. VIBuffer\Particles\Instancing\Rect">
      <UniqueIdentifier>{30837ce1-23e4-4363-8ecc-9ebdea50af6e}</UniqueIdentifier>
    </Filter>
    <Filter Include="01. Utility\03. Components\00. VIBuffer\Field">
      <UniqueIdentifier>{daef4ff4-2b3e-4b4c-b543-180626098e1e}</UniqueIdentifier>
    </Filter>
    <Filter Include="01. Utility\03. Components\06. Collider\98. Manager">
      <UniqueIdentifier>{0a40f0c0-9cdf-4234-8f1c-6cafc92ddb60}</UniqueIdentifier>
    </Filter>
    <Filter Include="01. Utility\07. RenderTargets">
      <UniqueIdentifier>{70aae463-e2a7-4216-9dd4-5427a2542d93}</UniqueIdentifier>
    </Filter>
    <Filter Include="01. Utility\07. RenderTargets\Manager">
      <UniqueIdentifier>{03d161ec-f8ff-465f-8d45-dbffa27f8af4}</UniqueIdentifier>
    </Filter>
    <Filter Include="01. Utility\08. Lights">
      <UniqueIdentifier>{f905fd08-82a2-4654-9734-9c77c2b9cd4c}</UniqueIdentifier>
    </Filter>
    <Filter Include="01. Utility\08. Lights\Manager">
      <UniqueIdentifier>{f84ff549-8be2-4052-aae1-a227a64fe8f9}</UniqueIdentifier>
    </Filter>
    <Filter Include="01. Utility\02. GameObjects\03. Alpha">
      <UniqueIdentifier>{6be02d60-beee-4ce4-9133-43dc5d42d541}</UniqueIdentifier>
    </Filter>
    <Filter Include="01. Utility\09. Event">
      <UniqueIdentifier>{ba9a85f8-235c-4b2c-a2b7-b45d774546ec}</UniqueIdentifier>
    </Filter>
    <Filter Include="01. Utility\09. Event\Manager">
      <UniqueIdentifier>{e3e15225-4f5c-45d5-bbd3-276cb5a58f80}</UniqueIdentifier>
    </Filter>
    <Filter Include="01. Utility\03. Components\00. VIBuffer\ModelInstance">
      <UniqueIdentifier>{421d3044-dd23-4b9c-a225-872cea49ac84}</UniqueIdentifier>
    </Filter>
    <Filter Include="01. Utility\03. Components\00. VIBuffer\Trail">
      <UniqueIdentifier>{f14edcb0-c942-41f2-bd85-1b7c3fe44883}</UniqueIdentifier>
    </Filter>
  </ItemGroup>
  <ItemGroup>
    <ClInclude Include="..\public\Base.h">
      <Filter>01. Utility\99. SuperClass</Filter>
    </ClInclude>
    <ClInclude Include="..\Public\Engine_Macro.h">
      <Filter>99. Defines</Filter>
    </ClInclude>
    <ClInclude Include="..\Public\Engine_Typedef.h">
      <Filter>99. Defines</Filter>
    </ClInclude>
    <ClInclude Include="..\Public\Engine_Function.h">
      <Filter>99. Defines</Filter>
    </ClInclude>
    <ClInclude Include="..\Public\Engine_Defines.h">
      <Filter>99. Defines</Filter>
    </ClInclude>
    <ClInclude Include="..\public\GameInstance.h">
      <Filter>01. Utility\00. GameInstance</Filter>
    </ClInclude>
    <ClInclude Include="..\Public\Engine_Struct.h">
      <Filter>99. Defines</Filter>
    </ClInclude>
    <ClInclude Include="..\Public\Graphic_Device.h">
      <Filter>00. System\00. Device\00. Graphic</Filter>
    </ClInclude>
    <ClInclude Include="..\Public\Timer_Manager.h">
      <Filter>00. System\01. Timers\Manager</Filter>
    </ClInclude>
    <ClInclude Include="..\Public\Timer.h">
      <Filter>00. System\01. Timers</Filter>
    </ClInclude>
    <ClInclude Include="..\Public\Level.h">
      <Filter>01. Utility\01. Levels</Filter>
    </ClInclude>
    <ClInclude Include="..\Public\Level_Manager.h">
      <Filter>01. Utility\01. Levels\Manager</Filter>
    </ClInclude>
    <ClInclude Include="..\Public\GameObject.h">
      <Filter>01. Utility\02. GameObjects</Filter>
    </ClInclude>
    <ClInclude Include="..\Public\Layer.h">
      <Filter>01. Utility\02. GameObjects\00. Layer</Filter>
    </ClInclude>
    <ClInclude Include="..\Public\Object_Manager.h">
      <Filter>01. Utility\02. GameObjects\99. Manager</Filter>
    </ClInclude>
    <ClInclude Include="..\Public\Renderer.h">
      <Filter>01. Utility\98. Renderer</Filter>
    </ClInclude>
    <ClInclude Include="..\Public\Component.h">
      <Filter>01. Utility\03. Components</Filter>
    </ClInclude>
    <ClInclude Include="..\public\VIBuffer.h">
      <Filter>01. Utility\03. Components\00. VIBuffer</Filter>
    </ClInclude>
    <ClInclude Include="..\public\VIBuffer_Rect.h">
      <Filter>01. Utility\03. Components\00. VIBuffer\Rect</Filter>
    </ClInclude>
    <ClInclude Include="..\Public\Camera.h">
      <Filter>01. Utility\02. GameObjects\01. Camera</Filter>
    </ClInclude>
    <ClInclude Include="..\public\Transform.h">
      <Filter>01. Utility\03. Components\01. Transform</Filter>
    </ClInclude>
    <ClInclude Include="..\public\Shader.h">
      <Filter>01. Utility\03. Components\03. Shader</Filter>
    </ClInclude>
    <ClInclude Include="..\public\Component_Manager.h">
      <Filter>01. Utility\03. Components\99. Manager</Filter>
    </ClInclude>
    <ClInclude Include="..\public\Texture.h">
      <Filter>01. Utility\03. Components\02. Texture</Filter>
    </ClInclude>
    <ClInclude Include="..\Public\VIBuffer_Terrain.h">
      <Filter>01. Utility\03. Components\00. VIBuffer\Terrain</Filter>
    </ClInclude>
    <ClInclude Include="..\public\PipeLine.h">
      <Filter>01. Utility\04. PipeLine</Filter>
    </ClInclude>
    <ClInclude Include="..\public\Input_Device.h">
      <Filter>00. System\00. Device\01. Input</Filter>
    </ClInclude>
    <ClInclude Include="..\Public\VIBuffer_Dynamic_Terrain.h">
      <Filter>01. Utility\03. Components\00. VIBuffer\Ground</Filter>
    </ClInclude>
    <ClInclude Include="..\Public\Model.h">
      <Filter>01. Utility\03. Components\04. Model</Filter>
    </ClInclude>
    <ClInclude Include="..\Public\Mesh.h">
      <Filter>01. Utility\03. Components\04. Model\00. Mesh</Filter>
    </ClInclude>
    <ClInclude Include="..\public\Bone.h">
      <Filter>01. Utility\03. Components\04. Model\01. Bone</Filter>
    </ClInclude>
    <ClInclude Include="..\public\Animation.h">
      <Filter>01. Utility\03. Components\04. Model\02. Animation</Filter>
    </ClInclude>
    <ClInclude Include="..\public\Channel.h">
      <Filter>01. Utility\03. Components\04. Model\02. Animation\00. Channel</Filter>
    </ClInclude>
    <ClInclude Include="..\public\Data_Manager.h">
      <Filter>01. Utility\05. Data</Filter>
    </ClInclude>
    <ClInclude Include="..\..\..\..\쥬신 스터디\참고자료\DX11_TeamProject_Thymesia-main\DX11_TeamProject_Thymesia-main\DX11_Thymesia_Framework\Engine\Public\Json\json.hpp">
      <Filter>01. Utility\51. Json</Filter>
    </ClInclude>
    <ClInclude Include="..\..\..\..\쥬신 스터디\참고자료\DX11_TeamProject_Thymesia-main\DX11_TeamProject_Thymesia-main\DX11_Thymesia_Framework\Engine\Public\Json\Json_Utility.h">
      <Filter>01. Utility\51. Json</Filter>
    </ClInclude>
    <ClInclude Include="..\Public\Navigation.h">
      <Filter>01. Utility\03. Components\05. Navigation</Filter>
    </ClInclude>
    <ClInclude Include="..\Public\Cell.h">
      <Filter>01. Utility\03. Components\05. Navigation\Cell</Filter>
    </ClInclude>
    <ClInclude Include="..\Public\VIBuffer_Cell.h">
      <Filter>01. Utility\03. Components\00. VIBuffer\Cell</Filter>
    </ClInclude>
    <ClInclude Include="..\Public\DataType.h">
      <Filter>99. Defines</Filter>
    </ClInclude>
    <ClInclude Include="..\public\VIBuffer_Cube.h">
      <Filter>01. Utility\03. Components\00. VIBuffer\Cube</Filter>
    </ClInclude>
    <ClInclude Include="..\Public\DebugDraw\DebugDraw.h">
      <Filter>01. Utility\03. Components\06. Collider\99. DebugDraw</Filter>
    </ClInclude>
    <ClInclude Include="..\Public\Collider.h">
      <Filter>01. Utility\03. Components\06. Collider</Filter>
    </ClInclude>
    <ClInclude Include="..\Public\BoundParent.h">
      <Filter>01. Utility\03. Components\06. Collider\00. BoundingType</Filter>
    </ClInclude>
    <ClInclude Include="..\Public\BoundingBox_AABB.h">
      <Filter>01. Utility\03. Components\06. Collider\00. BoundingType\00. AABB</Filter>
    </ClInclude>
    <ClInclude Include="..\Public\BoundingBox_OBB.h">
      <Filter>01. Utility\03. Components\06. Collider\00. BoundingType\01. OBB</Filter>
    </ClInclude>
    <ClInclude Include="..\Public\BoundingBox_Sphere.h">
      <Filter>01. Utility\03. Components\06. Collider\00. BoundingType\02. SPHERE</Filter>
    </ClInclude>
    <ClInclude Include="..\public\StateBase.h">
      <Filter>01. Utility\03. Components\08. StateMachine\00. StateBase</Filter>
    </ClInclude>
    <ClInclude Include="..\public\StateMachine.h">
      <Filter>01. Utility\03. Components\08. StateMachine\99. StateMachine</Filter>
    </ClInclude>
    <ClInclude Include="..\Public\BrainTree\BrainTree.h">
      <Filter>99. Defines</Filter>
    </ClInclude>
    <ClInclude Include="그라운드 AI설계.h">
      <Filter>1000. Etc</Filter>
    </ClInclude>
    <ClInclude Include="..\Public\PartObject.h">
      <Filter>01. Utility\02. GameObjects\02. Part</Filter>
    </ClInclude>
    <ClInclude Include="..\public\CustomFont.h">
      <Filter>01. Utility\06. Fonts</Filter>
    </ClInclude>
    <ClInclude Include="..\public\Font_Manager.h">
      <Filter>01. Utility\06. Fonts\Manager</Filter>
    </ClInclude>
    <ClInclude Include="인스턴싱.h">
      <Filter>1000. Etc</Filter>
    </ClInclude>
    <ClInclude Include="..\public\VIBuffer_Instancing.h">
      <Filter>01. Utility\03. Components\00. VIBuffer\Particles\Instancing</Filter>
    </ClInclude>
    <ClInclude Include="..\Public\VIBuffer_Field.h">
      <Filter>01. Utility\03. Components\00. VIBuffer\Field</Filter>
    </ClInclude>
    <ClInclude Include="..\public\VIBuffer_Particle_Rect.h">
      <Filter>01. Utility\03. Components\00. VIBuffer\Particles\Instancing\Rect</Filter>
    </ClInclude>
    <ClInclude Include="..\Public\VIBuffer_Particle_Point.h">
      <Filter>01. Utility\03. Components\00. VIBuffer\Particles\Instancing\Point</Filter>
    </ClInclude>
    <ClInclude Include="..\public\RenderTarget.h">
      <Filter>01. Utility\07. RenderTargets</Filter>
    </ClInclude>
    <ClInclude Include="..\Public\Collision_Manager.h">
      <Filter>01. Utility\03. Components\06. Collider\98. Manager</Filter>
    </ClInclude>
    <ClInclude Include="..\public\Target_Manager.h">
      <Filter>01. Utility\07. RenderTargets\Manager</Filter>
    </ClInclude>
    <ClInclude Include="..\Public\Light_Manager.h">
      <Filter>01. Utility\08. Lights\Manager</Filter>
    </ClInclude>
    <ClInclude Include="..\Public\Light.h">
      <Filter>01. Utility\08. Lights</Filter>
    </ClInclude>
    <ClInclude Include="..\..\..\..\쥬신 스터디\수업자료\9개월차\240117_이펙트_노말맵핑\Framework\Engine\Public\AlphaObject.h">
      <Filter>01. Utility\02. GameObjects\03. Alpha</Filter>
    </ClInclude>
    <ClInclude Include="..\Public\RigidBody.h">
      <Filter>01. Utility\03. Components\07. RigidBody</Filter>
    </ClInclude>
    <ClInclude Include="..\public\Event_Manager.h">
      <Filter>01. Utility\09. Event\Manager</Filter>
    </ClInclude>
    <ClInclude Include="..\public\MyEvent.h">
      <Filter>01. Utility\09. Event</Filter>
    </ClInclude>
    <ClInclude Include="..\Public\VIBuffer_Model_Instance.h">
      <Filter>01. Utility\03. Components\00. VIBuffer\ModelInstance</Filter>
    </ClInclude>
    <ClInclude Include="..\Public\VIBuffer_Trail.h">
      <Filter>01. Utility\03. Components\00. VIBuffer\Trail</Filter>
    </ClInclude>
    <ClInclude Include="..\Public\VIBuffer_Trail_EyeLight.h">
      <Filter>01. Utility\03. Components\00. VIBuffer\Trail</Filter>
    </ClInclude>
  </ItemGroup>
  <ItemGroup>
    <ClCompile Include="..\private\Base.cpp">
      <Filter>01. Utility\99. SuperClass</Filter>
    </ClCompile>
    <ClCompile Include="..\private\GameInstance.cpp">
      <Filter>01. Utility\00. GameInstance</Filter>
    </ClCompile>
    <ClCompile Include="..\Private\Graphic_Device.cpp">
      <Filter>00. System\00. Device\00. Graphic</Filter>
    </ClCompile>
    <ClCompile Include="..\Private\Timer_Manager.cpp">
      <Filter>00. System\01. Timers\Manager</Filter>
    </ClCompile>
    <ClCompile Include="..\Private\Timer.cpp">
      <Filter>00. System\01. Timers</Filter>
    </ClCompile>
    <ClCompile Include="..\Private\Level.cpp">
      <Filter>01. Utility\01. Levels</Filter>
    </ClCompile>
    <ClCompile Include="..\Private\Level_Manager.cpp">
      <Filter>01. Utility\01. Levels\Manager</Filter>
    </ClCompile>
    <ClCompile Include="..\Private\GameObject.cpp">
      <Filter>01. Utility\02. GameObjects</Filter>
    </ClCompile>
    <ClCompile Include="..\Private\Layer.cpp">
      <Filter>01. Utility\02. GameObjects\00. Layer</Filter>
    </ClCompile>
    <ClCompile Include="..\Private\Object_Manager.cpp">
      <Filter>01. Utility\02. GameObjects\99. Manager</Filter>
    </ClCompile>
    <ClCompile Include="..\Private\Renderer.cpp">
      <Filter>01. Utility\98. Renderer</Filter>
    </ClCompile>
    <ClCompile Include="..\Private\Component.cpp">
      <Filter>01. Utility\03. Components</Filter>
    </ClCompile>
    <ClCompile Include="..\private\VIBuffer.cpp">
      <Filter>01. Utility\03. Components\00. VIBuffer</Filter>
    </ClCompile>
    <ClCompile Include="..\private\VIBuffer_Rect.cpp">
      <Filter>01. Utility\03. Components\00. VIBuffer\Rect</Filter>
    </ClCompile>
    <ClCompile Include="..\Private\Camera.cpp">
      <Filter>01. Utility\02. GameObjects\01. Camera</Filter>
    </ClCompile>
    <ClCompile Include="..\private\Transform.cpp">
      <Filter>01. Utility\03. Components\01. Transform</Filter>
    </ClCompile>
    <ClCompile Include="..\Private\Shader.cpp">
      <Filter>01. Utility\03. Components\03. Shader</Filter>
    </ClCompile>
    <ClCompile Include="..\Private\Engine_Struct.cpp">
      <Filter>99. Defines</Filter>
    </ClCompile>
    <ClCompile Include="..\private\Component_Manager.cpp">
      <Filter>01. Utility\03. Components\99. Manager</Filter>
    </ClCompile>
    <ClCompile Include="..\Private\Texture.cpp">
      <Filter>01. Utility\03. Components\02. Texture</Filter>
    </ClCompile>
    <ClCompile Include="..\Private\VIBuffer_Terrain.cpp">
      <Filter>01. Utility\03. Components\00. VIBuffer\Terrain</Filter>
    </ClCompile>
    <ClCompile Include="..\Private\PipeLine.cpp">
      <Filter>01. Utility\04. PipeLine</Filter>
    </ClCompile>
    <ClCompile Include="..\Private\Input_Device.cpp">
      <Filter>00. System\00. Device\01. Input</Filter>
    </ClCompile>
    <ClCompile Include="..\Private\VIBuffer_Dynamic_Terrain.cpp">
      <Filter>01. Utility\03. Components\00. VIBuffer\Ground</Filter>
    </ClCompile>
    <ClCompile Include="..\Private\Model.cpp">
      <Filter>01. Utility\03. Components\04. Model</Filter>
    </ClCompile>
    <ClCompile Include="..\Private\Mesh.cpp">
      <Filter>01. Utility\03. Components\04. Model\00. Mesh</Filter>
    </ClCompile>
    <ClCompile Include="..\Private\Bone.cpp">
      <Filter>01. Utility\03. Components\04. Model\01. Bone</Filter>
    </ClCompile>
    <ClCompile Include="..\private\Animation.cpp">
      <Filter>01. Utility\03. Components\04. Model\02. Animation</Filter>
    </ClCompile>
    <ClCompile Include="..\private\Channel.cpp">
      <Filter>01. Utility\03. Components\04. Model\02. Animation\00. Channel</Filter>
    </ClCompile>
    <ClCompile Include="..\Private\Data_Manager.cpp">
      <Filter>01. Utility\05. Data</Filter>
    </ClCompile>
    <ClCompile Include="..\..\Reference\Private\Json\Json_Utility.cpp">
      <Filter>01. Utility\51. Json</Filter>
    </ClCompile>
    <ClCompile Include="..\Private\Navigation.cpp">
      <Filter>01. Utility\03. Components\05. Navigation</Filter>
    </ClCompile>
    <ClCompile Include="..\Private\Cell.cpp">
      <Filter>01. Utility\03. Components\05. Navigation\Cell</Filter>
    </ClCompile>
    <ClCompile Include="..\Private\VIBuffer_Cell.cpp">
      <Filter>01. Utility\03. Components\00. VIBuffer\Cell</Filter>
    </ClCompile>
    <ClCompile Include="..\private\VIBuffer_Cube.cpp">
      <Filter>01. Utility\03. Components\00. VIBuffer\Cube</Filter>
    </ClCompile>
    <ClCompile Include="..\private\Collider.cpp">
      <Filter>01. Utility\03. Components\06. Collider</Filter>
    </ClCompile>
    <ClCompile Include="..\Private\DebugDraw\DebugDraw.cpp">
      <Filter>01. Utility\03. Components\06. Collider\99. DebugDraw</Filter>
    </ClCompile>
    <ClCompile Include="..\Private\BoundParent.cpp">
      <Filter>01. Utility\03. Components\06. Collider\00. BoundingType</Filter>
    </ClCompile>
    <ClCompile Include="..\Private\BoundingBox_AABB.cpp">
      <Filter>01. Utility\03. Components\06. Collider\00. BoundingType\00. AABB</Filter>
    </ClCompile>
    <ClCompile Include="..\Private\BoundingBox_OBB.cpp">
      <Filter>01. Utility\03. Components\06. Collider\00. BoundingType\01. OBB</Filter>
    </ClCompile>
    <ClCompile Include="..\Private\BoundingBox_Sphere.cpp">
      <Filter>01. Utility\03. Components\06. Collider\00. BoundingType\02. SPHERE</Filter>
    </ClCompile>
    <ClCompile Include="..\private\StateBase.cpp">
      <Filter>01. Utility\03. Components\08. StateMachine\00. StateBase</Filter>
    </ClCompile>
    <ClCompile Include="..\private\StateMachine.cpp">
      <Filter>01. Utility\03. Components\08. StateMachine\99. StateMachine</Filter>
    </ClCompile>
    <ClCompile Include="..\Private\PartObject.cpp">
      <Filter>01. Utility\02. GameObjects\02. Part</Filter>
    </ClCompile>
    <ClCompile Include="..\private\CustomFont.cpp">
      <Filter>01. Utility\06. Fonts</Filter>
    </ClCompile>
    <ClCompile Include="..\Private\Font_Manager.cpp">
      <Filter>01. Utility\06. Fonts\Manager</Filter>
    </ClCompile>
    <ClCompile Include="..\Private\VIBuffer_Instancing.cpp">
      <Filter>01. Utility\03. Components\00. VIBuffer\Particles\Instancing</Filter>
    </ClCompile>
    <ClCompile Include="..\Private\VIBuffer_Field.cpp">
      <Filter>01. Utility\03. Components\00. VIBuffer\Field</Filter>
    </ClCompile>
    <ClCompile Include="..\Private\VIBuffer_Particle_Rect.cpp">
      <Filter>01. Utility\03. Components\00. VIBuffer\Particles\Instancing\Rect</Filter>
    </ClCompile>
    <ClCompile Include="..\Private\VIBuffer_Particle_Point.cpp">
      <Filter>01. Utility\03. Components\00. VIBuffer\Particles\Instancing\Point</Filter>
    </ClCompile>
    <ClCompile Include="..\Private\Collision_Manager.cpp">
      <Filter>01. Utility\03. Components\06. Collider\98. Manager</Filter>
    </ClCompile>
    <ClCompile Include="..\Private\RenderTarget.cpp">
      <Filter>01. Utility\07. RenderTargets</Filter>
    </ClCompile>
    <ClCompile Include="..\Private\Target_Manager.cpp">
      <Filter>01. Utility\07. RenderTargets\Manager</Filter>
    </ClCompile>
    <ClCompile Include="..\Private\Light_Manager.cpp">
      <Filter>01. Utility\08. Lights\Manager</Filter>
    </ClCompile>
    <ClCompile Include="..\Private\Light.cpp">
      <Filter>01. Utility\08. Lights</Filter>
    </ClCompile>
    <ClCompile Include="..\Private\AlphaObject.cpp">
      <Filter>01. Utility\02. GameObjects\03. Alpha</Filter>
    </ClCompile>
    <ClCompile Include="..\Private\RigidBody.cpp">
      <Filter>01. Utility\03. Components\07. RigidBody</Filter>
    </ClCompile>
    <ClCompile Include="..\private\Event_Manager.cpp">
      <Filter>01. Utility\09. Event\Manager</Filter>
    </ClCompile>
    <ClCompile Include="..\Private\MyEvent.cpp">
      <Filter>01. Utility\09. Event</Filter>
    </ClCompile>
    <ClCompile Include="..\Private\VIBuffer_Model_Instance.cpp">
      <Filter>01. Utility\03. Components\00. VIBuffer\ModelInstance</Filter>
    </ClCompile>
    <ClCompile Include="..\Private\VIBuffer_Trail.cpp">
      <Filter>01. Utility\03. Components\00. VIBuffer\Trail</Filter>
    </ClCompile>
    <ClCompile Include="..\Private\VIBuffer_Trail_EyeLight.cpp">
      <Filter>01. Utility\03. Components\00. VIBuffer\Trail</Filter>
    </ClCompile>
  </ItemGroup>
  <ItemGroup>
    <FxCompile Include="..\Bin\ShaderFiles\Shader_Navigation.hlsl">
      <Filter>98. ShaderFiles</Filter>
    </FxCompile>
    <FxCompile Include="..\Bin\ShaderFiles\Shader_Deferred.hlsl">
      <Filter>98. ShaderFiles</Filter>
    </FxCompile>
  </ItemGroup>
  <ItemGroup>
    <None Include="..\Bin\ShaderFiles\Shader_Defines.hlsli">
      <Filter>98. ShaderFiles</Filter>
    </None>
  </ItemGroup>
</Project>