<?xml version="1.0" encoding="utf-8"?>
<Project ToolsVersion="16.0" xmlns="http://schemas.microsoft.com/developer/msbuild/2003">
  <ItemGroup>
    <CustomBuild Include="C:\Users\PC\Desktop\Jusin_Project\DrakenGard3_Project_Git\assimp\CMakeFiles\0b28cbfb006d104376df962fced2dcd0\generate.stamp.rule">
      <Filter>CMake Rules</Filter>
    </CustomBuild>
  </ItemGroup>
  <ItemGroup>
    <Filter Include="CMake Rules">
      <UniqueIdentifier>{97680AFF-DFCF-3EB1-8947-B568A1CF5A8A}</UniqueIdentifier>
    </Filter>
  </ItemGroup>
</Project>
