<?xml version="1.0" encoding="utf-8"?>
<Project ToolsVersion="4.0" xmlns="http://schemas.microsoft.com/developer/msbuild/2003">
  <ItemGroup>
    <Filter Include="01. Levels">
      <UniqueIdentifier>{3742e855-bcac-44ad-93c4-3dc6cbc68094}</UniqueIdentifier>
    </Filter>
    <Filter Include="01. Levels\00. Logo">
      <UniqueIdentifier>{34cf0d0f-57e2-48b1-9c9d-2276d07783c2}</UniqueIdentifier>
    </Filter>
    <Filter Include="01. Levels\01. GamePlay">
      <UniqueIdentifier>{92d018f3-a6c8-486b-9d92-51080e12b461}</UniqueIdentifier>
    </Filter>
    <Filter Include="01. Levels\99. Loading">
      <UniqueIdentifier>{f67f555b-f04c-4326-84be-73a1aa08bde1}</UniqueIdentifier>
    </Filter>
    <Filter Include="01. Levels\99. Loading\00. Loader">
      <UniqueIdentifier>{11b3aa77-29ad-4e35-b331-c3b430a68bd2}</UniqueIdentifier>
    </Filter>
    <Filter Include="02. GameObjects">
      <UniqueIdentifier>{1078a563-b8ef-4990-b3c9-f0f585cc6fe4}</UniqueIdentifier>
    </Filter>
    <Filter Include="00. MainApp">
      <UniqueIdentifier>{2cfdbdba-d09d-4d9f-9f66-5e12443d9a69}</UniqueIdentifier>
    </Filter>
    <Filter Include="98. Default">
      <UniqueIdentifier>{c8fc70c9-4562-44c8-adee-b81493838b19}</UniqueIdentifier>
    </Filter>
    <Filter Include="99. Defines">
      <UniqueIdentifier>{256bc7ed-2d60-4917-8de6-df2f9e1003c8}</UniqueIdentifier>
    </Filter>
    <Filter Include="97. ShaderFiles">
      <UniqueIdentifier>{24e0b56f-5d1f-4909-aca5-64574300bb2a}</UniqueIdentifier>
    </Filter>
    <Filter Include="02. GameObjects\00. BackGround">
      <UniqueIdentifier>{b50cc984-2aa1-4b9e-a9a7-9fa009b3ce81}</UniqueIdentifier>
    </Filter>
    <Filter Include="02. GameObjects\01. Terrain">
      <UniqueIdentifier>{cbed23a2-648e-4a7e-bf6c-2307327cd5b7}</UniqueIdentifier>
    </Filter>
    <Filter Include="96. Tool">
      <UniqueIdentifier>{5f62bc42-1dca-4fb9-8ec9-a2dc5b6fdc72}</UniqueIdentifier>
    </Filter>
    <Filter Include="96. Tool\99. Default">
      <UniqueIdentifier>{e9548e12-89e2-4a29-9a73-08d5a35909a6}</UniqueIdentifier>
    </Filter>
    <Filter Include="01. Levels\98. Tool">
      <UniqueIdentifier>{4775b4c8-e272-432a-88a4-c672de29dbbf}</UniqueIdentifier>
    </Filter>
    <Filter Include="02. GameObjects\02. Camera">
      <UniqueIdentifier>{c8faaff6-acda-4629-a9ac-515ae831dc7b}</UniqueIdentifier>
    </Filter>
    <Filter Include="96. Tool\00. Camera">
      <UniqueIdentifier>{136c76e3-85ab-4107-b8a6-79d1101a825f}</UniqueIdentifier>
    </Filter>
    <Filter Include="02. GameObjects\03. Monster">
      <UniqueIdentifier>{fbc59e0b-f0ac-4d8e-aebc-9ddfff558ab6}</UniqueIdentifier>
    </Filter>
    <Filter Include="02. GameObjects\01. Terrain\00. Dynamic">
      <UniqueIdentifier>{7161916a-d47f-4bbc-813a-b125f734fb18}</UniqueIdentifier>
    </Filter>
    <Filter Include="02. GameObjects\04. TestTree">
      <UniqueIdentifier>{3886dd1f-d1d8-4c40-aef6-c29591ca3780}</UniqueIdentifier>
    </Filter>
    <Filter Include="02. GameObjects\98. NonAnimObject">
      <UniqueIdentifier>{df94b58a-430c-4d3c-b363-7e67629d8787}</UniqueIdentifier>
    </Filter>
    <Filter Include="02. GameObjects\99. AnimModelObject">
      <UniqueIdentifier>{07b8b8d7-2612-4c0c-bd87-ce9fa43a95f1}</UniqueIdentifier>
    </Filter>
    <Filter Include="02. GameObjects\05. ForkLift">
      <UniqueIdentifier>{784e7824-784c-40c2-987e-037a767f0172}</UniqueIdentifier>
    </Filter>
    <Filter Include="02. GameObjects\06. Player">
      <UniqueIdentifier>{fcad7db1-bfa0-4bd6-8780-e7e6f6bceb78}</UniqueIdentifier>
    </Filter>
    <Filter Include="02. GameObjects\07. SkyBox">
      <UniqueIdentifier>{37545faa-2817-411b-ae58-6edd100cdf2c}</UniqueIdentifier>
    </Filter>
    <Filter Include="02. GameObjects\97. PartObject">
      <UniqueIdentifier>{1d806d1d-c2ad-4023-9749-38b852409390}</UniqueIdentifier>
    </Filter>
    <Filter Include="02. GameObjects\06. Player\00. Body">
      <UniqueIdentifier>{ce5bfef5-cc7d-406e-910b-5ad5e725eed1}</UniqueIdentifier>
    </Filter>
    <Filter Include="02. GameObjects\06. Player\01. Weapon">
      <UniqueIdentifier>{75bc0754-d80f-4d51-9264-ce1835c3f679}</UniqueIdentifier>
    </Filter>
    <Filter Include="03. StateMachine">
      <UniqueIdentifier>{456c0b3a-87e4-48e9-89b8-0f946ee4390e}</UniqueIdentifier>
    </Filter>
    <Filter Include="02. GameObjects\06. Player\02. States">
      <UniqueIdentifier>{7c36e6bb-ad3f-4a5b-bd5f-431563f7b19a}</UniqueIdentifier>
    </Filter>
    <Filter Include="02. GameObjects\06. Player\02. States\Ground">
      <UniqueIdentifier>{8119e7d1-dbe9-4a50-a7c5-917e76947ea7}</UniqueIdentifier>
    </Filter>
    <Filter Include="02. GameObjects\06. Player\02. States\Ground\02. Run">
      <UniqueIdentifier>{2dc1b869-c23d-425f-8f0a-b5643b706970}</UniqueIdentifier>
    </Filter>
    <Filter Include="02. GameObjects\06. Player\02. States\Ground\01. Walk">
      <UniqueIdentifier>{196dd11c-220b-44fe-9bb7-4a3f0283cdc4}</UniqueIdentifier>
    </Filter>
    <Filter Include="02. GameObjects\06. Player\02. States\Ground\00. Idle">
      <UniqueIdentifier>{893a29b7-eef4-4fef-8029-0afd549de15d}</UniqueIdentifier>
    </Filter>
    <Filter Include="02. GameObjects\06. Player\02. States\Ground\03. Attack">
      <UniqueIdentifier>{acee4c7a-4f18-4c9c-a501-24456e15e354}</UniqueIdentifier>
    </Filter>
    <Filter Include="02. GameObjects\06. Player\02. States\Air">
      <UniqueIdentifier>{8d25e29b-0a8e-4376-b248-fb40f3f1ed46}</UniqueIdentifier>
    </Filter>
    <Filter Include="02. GameObjects\06. Player\02. States\Air\00. Jump">
      <UniqueIdentifier>{e581d527-8655-4324-8606-a8ec9109036d}</UniqueIdentifier>
    </Filter>
    <Filter Include="02. GameObjects\06. Player\02. States\Ground\03. Attack\00. NormalAttack">
      <UniqueIdentifier>{5aaac1eb-aa62-42f4-aebc-c0df1f680a04}</UniqueIdentifier>
    </Filter>
    <Filter Include="02. GameObjects\06. Player\02. States\Ground\03. Attack\00. NormalAttack\00. Attack1">
      <UniqueIdentifier>{31841d56-8617-49fb-9046-6873df4d2473}</UniqueIdentifier>
    </Filter>
    <Filter Include="02. GameObjects\06. Player\02. States\Ground\03. Attack\00. NormalAttack\01. Attack2">
      <UniqueIdentifier>{9352a632-64a2-492d-8388-a52eef89b721}</UniqueIdentifier>
    </Filter>
    <Filter Include="02. GameObjects\06. Player\02. States\Ground\03. Attack\00. NormalAttack\02. Attack3">
      <UniqueIdentifier>{d93d0331-8b3e-4e33-a7c3-d44d632f38a2}</UniqueIdentifier>
    </Filter>
    <Filter Include="02. GameObjects\06. Player\02. States\Ground\03. Attack\00. NormalAttack\03. Attack4">
      <UniqueIdentifier>{f64a63e0-7d5b-4d15-a9fc-463410c33455}</UniqueIdentifier>
    </Filter>
    <Filter Include="02. GameObjects\03. Monster\00. EN00">
      <UniqueIdentifier>{ac78bc3c-8daf-4dbf-b6fd-9c4355bf83c3}</UniqueIdentifier>
    </Filter>
    <Filter Include="02. GameObjects\03. Monster\01. AIState">
      <UniqueIdentifier>{f2106f62-feee-4e6d-92ff-72dbe6d5b4b6}</UniqueIdentifier>
    </Filter>
    <Filter Include="02. GameObjects\03. Monster\00. EN00\00. State">
      <UniqueIdentifier>{e32fc78c-733b-4735-9972-01f0e972266c}</UniqueIdentifier>
    </Filter>
    <Filter Include="02. GameObjects\03. Monster\00. EN00\00. State\00. Idle">
      <UniqueIdentifier>{965338b2-4991-45eb-b8e7-34b2b8c3cc99}</UniqueIdentifier>
    </Filter>
    <Filter Include="02. GameObjects\03. Monster\00. EN00\01. Weapon">
      <UniqueIdentifier>{7e3eb02d-aa44-4cb1-995a-e598e2b1c3ec}</UniqueIdentifier>
    </Filter>
    <Filter Include="02. GameObjects\03. Monster\00. EN00\00. State\01. Chase">
      <UniqueIdentifier>{f786ba05-abdf-43dc-a565-58262c8b0df0}</UniqueIdentifier>
    </Filter>
  </ItemGroup>
  <ItemGroup>
    <ClInclude Include="Client.h">
      <Filter>98. Default</Filter>
    </ClInclude>
    <ClInclude Include="Resource.h">
      <Filter>98. Default</Filter>
    </ClInclude>
    <ClInclude Include="stdafx.h">
      <Filter>98. Default</Filter>
    </ClInclude>
    <ClInclude Include="targetver.h">
      <Filter>98. Default</Filter>
    </ClInclude>
    <ClInclude Include="..\Public\Client_Defines.h">
      <Filter>99. Defines</Filter>
    </ClInclude>
    <ClInclude Include="..\public\MainApp.h">
      <Filter>00. MainApp</Filter>
    </ClInclude>
    <ClInclude Include="..\Public\Level_Logo.h">
      <Filter>01. Levels\00. Logo</Filter>
    </ClInclude>
    <ClInclude Include="..\Public\Level_Loading.h">
      <Filter>01. Levels\99. Loading</Filter>
    </ClInclude>
    <ClInclude Include="..\Public\Level_GamePlay.h">
      <Filter>01. Levels\01. GamePlay</Filter>
    </ClInclude>
    <ClInclude Include="..\Public\Loader.h">
      <Filter>01. Levels\99. Loading\00. Loader</Filter>
    </ClInclude>
    <ClInclude Include="..\Public\BackGround.h">
      <Filter>02. GameObjects\00. BackGround</Filter>
    </ClInclude>
    <ClInclude Include="..\Public\Terrain.h">
      <Filter>02. GameObjects\01. Terrain</Filter>
    </ClInclude>
    <ClInclude Include="..\..\Reference\Imgui\imgui_impl_dx11.h">
      <Filter>96. Tool\99. Default</Filter>
    </ClInclude>
    <ClInclude Include="..\..\Reference\Imgui\imgui_impl_win32.h">
      <Filter>96. Tool\99. Default</Filter>
    </ClInclude>
    <ClInclude Include="..\..\Reference\Imgui\imgui_internal.h">
      <Filter>96. Tool\99. Default</Filter>
    </ClInclude>
    <ClInclude Include="..\..\Reference\Imgui\imstb_rectpack.h">
      <Filter>96. Tool\99. Default</Filter>
    </ClInclude>
    <ClInclude Include="..\..\Reference\Imgui\imstb_textedit.h">
      <Filter>96. Tool\99. Default</Filter>
    </ClInclude>
    <ClInclude Include="..\..\Reference\Imgui\imstb_truetype.h">
      <Filter>96. Tool\99. Default</Filter>
    </ClInclude>
    <ClInclude Include="..\..\Reference\Imgui\imgui.h">
      <Filter>96. Tool\99. Default</Filter>
    </ClInclude>
    <ClInclude Include="..\Public\Level_Tool.h">
      <Filter>01. Levels\98. Tool</Filter>
    </ClInclude>
    <ClInclude Include="..\public\Camera_Dynamic.h">
      <Filter>02. GameObjects\02. Camera</Filter>
    </ClInclude>
    <ClInclude Include="..\Public\Camera_MapTool.h">
      <Filter>96. Tool\00. Camera</Filter>
    </ClInclude>
    <ClInclude Include="..\public\Monster.h">
      <Filter>02. GameObjects\03. Monster</Filter>
    </ClInclude>
    <ClInclude Include="..\Public\TestTree.h">
      <Filter>02. GameObjects\04. TestTree</Filter>
    </ClInclude>
    <ClInclude Include="..\public\Dynamic_Terrain.h">
      <Filter>02. GameObjects\01. Terrain\00. Dynamic</Filter>
    </ClInclude>
    <ClInclude Include="..\public\NonAnimObject.h">
      <Filter>02. GameObjects\98. NonAnimObject</Filter>
    </ClInclude>
    <ClInclude Include="..\public\AnimObject.h">
      <Filter>02. GameObjects\99. AnimModelObject</Filter>
    </ClInclude>
    <ClInclude Include="..\Public\ForkLift.h">
      <Filter>02. GameObjects\05. ForkLift</Filter>
    </ClInclude>
    <ClInclude Include="..\..\Reference\Imgui\ImGuizmo.h">
      <Filter>96. Tool\99. Default</Filter>
    </ClInclude>
    <ClInclude Include="..\..\Reference\Imgui\ImSequencer.h">
      <Filter>96. Tool\99. Default</Filter>
    </ClInclude>
    <ClInclude Include="..\..\Reference\Imgui\ImZoomSlider.h">
      <Filter>96. Tool\99. Default</Filter>
    </ClInclude>
    <ClInclude Include="..\..\Reference\Imgui\GraphEditor.h">
      <Filter>96. Tool\99. Default</Filter>
    </ClInclude>
    <ClInclude Include="..\..\Reference\Imgui\ImCurveEdit.h">
      <Filter>96. Tool\99. Default</Filter>
    </ClInclude>
    <ClInclude Include="..\..\Reference\Imgui\ImGradient.h">
      <Filter>96. Tool\99. Default</Filter>
    </ClInclude>
    <ClInclude Include="Tool_Define.h">
      <Filter>99. Defines</Filter>
    </ClInclude>
    <ClInclude Include="..\ThirdPartyLib\ImGuiFileDialog\ImGuiFileDialog.h">
      <Filter>96. Tool\99. Default</Filter>
    </ClInclude>
    <ClInclude Include="..\ThirdPartyLib\ImGuiFileDialog\ImGuiFileDialogConfig.h">
      <Filter>96. Tool\99. Default</Filter>
    </ClInclude>
    <ClInclude Include="..\Public\Imgui_Manager.h">
      <Filter>96. Tool</Filter>
    </ClInclude>
    <ClInclude Include="..\Public\CustomFont.h">
      <Filter>99. Defines</Filter>
    </ClInclude>
    <ClInclude Include="..\Public\Player.h">
      <Filter>02. GameObjects\06. Player</Filter>
    </ClInclude>
    <ClInclude Include="..\public\SkyBox.h">
      <Filter>02. GameObjects\07. SkyBox</Filter>
    </ClInclude>
    <ClInclude Include="..\Public\PartObject.h">
      <Filter>02. GameObjects\97. PartObject</Filter>
    </ClInclude>
    <ClInclude Include="..\Public\PlayerPart_Body.h">
      <Filter>02. GameObjects\06. Player\00. Body</Filter>
    </ClInclude>
    <ClInclude Include="..\Public\PlayerPart_Weapon.h">
      <Filter>02. GameObjects\06. Player\01. Weapon</Filter>
    </ClInclude>
    <ClInclude Include="..\public\PlayerState_Base.h">
      <Filter>02. GameObjects\06. Player\02. States</Filter>
    </ClInclude>
    <ClInclude Include="..\Public\PlayerState_Idle.h">
      <Filter>02. GameObjects\06. Player\02. States\Ground\00. Idle</Filter>
    </ClInclude>
    <ClInclude Include="..\Public\PlayerState_Walk.h">
      <Filter>02. GameObjects\06. Player\02. States\Ground\01. Walk</Filter>
    </ClInclude>
    <ClInclude Include="..\Public\PlayerState_Run.h">
      <Filter>02. GameObjects\06. Player\02. States\Ground\02. Run</Filter>
    </ClInclude>
    <ClInclude Include="..\Public\PlayerState_Jump.h">
      <Filter>02. GameObjects\06. Player\02. States\Air\00. Jump</Filter>
    </ClInclude>
    <ClInclude Include="..\Public\PlayerState_Attack1.h">
      <Filter>02. GameObjects\06. Player\02. States\Ground\03. Attack\00. NormalAttack\00. Attack1</Filter>
    </ClInclude>
    <ClInclude Include="..\Public\PlayerState_Attack2.h">
      <Filter>02. GameObjects\06. Player\02. States\Ground\03. Attack\00. NormalAttack\01. Attack2</Filter>
    </ClInclude>
    <ClInclude Include="..\Public\PlayerState_Attack3.h">
      <Filter>02. GameObjects\06. Player\02. States\Ground\03. Attack\00. NormalAttack\02. Attack3</Filter>
    </ClInclude>
    <ClInclude Include="..\Public\PlayerState_Attack4.h">
      <Filter>02. GameObjects\06. Player\02. States\Ground\03. Attack\00. NormalAttack\03. Attack4</Filter>
    </ClInclude>
    <ClInclude Include="..\Public\Monster_EN00.h">
      <Filter>02. GameObjects\03. Monster\00. EN00</Filter>
    </ClInclude>
    <ClInclude Include="..\public\AIState_Base.h">
      <Filter>02. GameObjects\03. Monster\01. AIState</Filter>
    </ClInclude>
    <ClInclude Include="..\Public\EN00State_Idle.h">
      <Filter>02. GameObjects\03. Monster\00. EN00\00. State\00. Idle</Filter>
    </ClInclude>
    <ClInclude Include="..\Public\MonsterPart_EN00_Weapon.h">
      <Filter>02. GameObjects\03. Monster\00. EN00\01. Weapon</Filter>
    </ClInclude>
    <ClInclude Include="..\Public\EN00State_Chase.h">
      <Filter>02. GameObjects\03. Monster\00. EN00\00. State\01. Chase</Filter>
    </ClInclude>
    <ClInclude Include="..\Public\PlayerState_Attack1_End.h">
      <Filter>02. GameObjects\06. Player\02. States\Ground\03. Attack\00. NormalAttack\00. Attack1</Filter>
    </ClInclude>
    <ClInclude Include="..\Public\PlayerState_Attack2_End.h">
      <Filter>02. GameObjects\06. Player\02. States\Ground\03. Attack\00. NormalAttack\01. Attack2</Filter>
    </ClInclude>
    <ClInclude Include="..\Public\PlayerState_Attack3_End.h">
      <Filter>02. GameObjects\06. Player\02. States\Ground\03. Attack\00. NormalAttack\02. Attack3</Filter>
    </ClInclude>
    <ClInclude Include="..\Public\PlayerState_Attack4_End.h">
      <Filter>02. GameObjects\06. Player\02. States\Ground\03. Attack\00. NormalAttack\03. Attack4</Filter>
    </ClInclude>
    <ClInclude Include="..\Public\PlayerGroundStates.h">
      <Filter>02. GameObjects\06. Player\02. States\Ground</Filter>
    </ClInclude>
  </ItemGroup>
  <ItemGroup>
    <ClCompile Include="Client.cpp">
      <Filter>98. Default</Filter>
    </ClCompile>
    <ClCompile Include="stdafx.cpp">
      <Filter>98. Default</Filter>
    </ClCompile>
    <ClCompile Include="..\private\MainApp.cpp">
      <Filter>00. MainApp</Filter>
    </ClCompile>
    <ClCompile Include="..\Private\Level_Logo.cpp">
      <Filter>01. Levels\00. Logo</Filter>
    </ClCompile>
    <ClCompile Include="..\Private\Level_GamePlay.cpp">
      <Filter>01. Levels\01. GamePlay</Filter>
    </ClCompile>
    <ClCompile Include="..\Private\Level_Loading.cpp">
      <Filter>01. Levels\99. Loading</Filter>
    </ClCompile>
    <ClCompile Include="..\Private\Loader.cpp">
      <Filter>01. Levels\99. Loading\00. Loader</Filter>
    </ClCompile>
    <ClCompile Include="..\Private\BackGround.cpp">
      <Filter>02. GameObjects\00. BackGround</Filter>
    </ClCompile>
    <ClCompile Include="..\Private\Terrain.cpp">
      <Filter>02. GameObjects\01. Terrain</Filter>
    </ClCompile>
    <ClCompile Include="..\..\Reference\Imgui\imgui_draw.cpp">
      <Filter>96. Tool\99. Default</Filter>
    </ClCompile>
    <ClCompile Include="..\..\Reference\Imgui\imgui_impl_dx11.cpp">
      <Filter>96. Tool\99. Default</Filter>
    </ClCompile>
    <ClCompile Include="..\..\Reference\Imgui\imgui_impl_win32.cpp">
      <Filter>96. Tool\99. Default</Filter>
    </ClCompile>
    <ClCompile Include="..\..\Reference\Imgui\imgui_tables.cpp">
      <Filter>96. Tool\99. Default</Filter>
    </ClCompile>
    <ClCompile Include="..\..\Reference\Imgui\imgui_widgets.cpp">
      <Filter>96. Tool\99. Default</Filter>
    </ClCompile>
    <ClCompile Include="..\..\Reference\Imgui\imgui.cpp">
      <Filter>96. Tool\99. Default</Filter>
    </ClCompile>
    <ClCompile Include="..\..\Reference\Imgui\imgui_demo.cpp">
      <Filter>96. Tool\99. Default</Filter>
    </ClCompile>
    <ClCompile Include="..\Private\Level_Tool.cpp">
      <Filter>01. Levels\98. Tool</Filter>
    </ClCompile>
    <ClCompile Include="..\Private\Camera_Dynamic.cpp">
      <Filter>02. GameObjects\02. Camera</Filter>
    </ClCompile>
    <ClCompile Include="..\Private\Camera_MapTool.cpp">
      <Filter>96. Tool\00. Camera</Filter>
    </ClCompile>
    <ClCompile Include="..\Private\Monster.cpp">
      <Filter>02. GameObjects\03. Monster</Filter>
    </ClCompile>
    <ClCompile Include="..\Private\TestTree.cpp">
      <Filter>02. GameObjects\04. TestTree</Filter>
    </ClCompile>
    <ClCompile Include="..\Private\Dynamic_Terrain.cpp">
      <Filter>02. GameObjects\01. Terrain\00. Dynamic</Filter>
    </ClCompile>
    <ClCompile Include="..\Private\AnimObject.cpp">
      <Filter>02. GameObjects\99. AnimModelObject</Filter>
    </ClCompile>
    <ClCompile Include="..\Private\NonAnimObject.cpp">
      <Filter>02. GameObjects\98. NonAnimObject</Filter>
    </ClCompile>
    <ClCompile Include="..\Private\ForkLift.cpp">
      <Filter>02. GameObjects\05. ForkLift</Filter>
    </ClCompile>
    <ClCompile Include="..\ThirdPartyLib\ImGuiFileDialog\ImGuiFileDialog.cpp">
      <Filter>96. Tool\99. Default</Filter>
    </ClCompile>
    <ClCompile Include="..\Private\Imgui_Manager.cpp">
      <Filter>96. Tool</Filter>
    </ClCompile>
    <ClCompile Include="..\Private\CustomFont.cpp">
      <Filter>99. Defines</Filter>
    </ClCompile>
    <ClCompile Include="..\Private\Player.cpp">
      <Filter>02. GameObjects\06. Player</Filter>
    </ClCompile>
    <ClCompile Include="..\private\SkyBox.cpp">
      <Filter>02. GameObjects\07. SkyBox</Filter>
    </ClCompile>
    <ClCompile Include="..\Private\PartObject.cpp">
      <Filter>02. GameObjects\97. PartObject</Filter>
    </ClCompile>
    <ClCompile Include="..\Private\PlayerPart_Body.cpp">
      <Filter>02. GameObjects\06. Player\00. Body</Filter>
    </ClCompile>
    <ClCompile Include="..\Private\PlayerPart_Weapon.cpp">
      <Filter>02. GameObjects\06. Player\01. Weapon</Filter>
    </ClCompile>
    <ClCompile Include="..\Private\PlayerState_Base.cpp">
      <Filter>02. GameObjects\06. Player\02. States</Filter>
    </ClCompile>
    <ClCompile Include="..\Private\PlayerState_Idle.cpp">
      <Filter>02. GameObjects\06. Player\02. States\Ground\00. Idle</Filter>
    </ClCompile>
    <ClCompile Include="..\Private\PlayerState_Walk.cpp">
      <Filter>02. GameObjects\06. Player\02. States\Ground\01. Walk</Filter>
    </ClCompile>
    <ClCompile Include="..\Private\PlayerState_Run.cpp">
      <Filter>02. GameObjects\06. Player\02. States\Ground\02. Run</Filter>
    </ClCompile>
    <ClCompile Include="..\Private\PlayerState_Jump.cpp">
      <Filter>02. GameObjects\06. Player\02. States\Air\00. Jump</Filter>
    </ClCompile>
    <ClCompile Include="..\Private\PlayerState_Attack1.cpp">
      <Filter>02. GameObjects\06. Player\02. States\Ground\03. Attack\00. NormalAttack\00. Attack1</Filter>
    </ClCompile>
    <ClCompile Include="..\Private\PlayerState_Attack2.cpp">
      <Filter>02. GameObjects\06. Player\02. States\Ground\03. Attack\00. NormalAttack\01. Attack2</Filter>
    </ClCompile>
    <ClCompile Include="..\Private\PlayerState_Attack3.cpp">
      <Filter>02. GameObjects\06. Player\02. States\Ground\03. Attack\00. NormalAttack\02. Attack3</Filter>
    </ClCompile>
    <ClCompile Include="..\Private\PlayerState_Attack4.cpp">
      <Filter>02. GameObjects\06. Player\02. States\Ground\03. Attack\00. NormalAttack\03. Attack4</Filter>
    </ClCompile>
    <ClCompile Include="..\Private\Monster_EN00.cpp">
      <Filter>02. GameObjects\03. Monster\00. EN00</Filter>
    </ClCompile>
    <ClCompile Include="..\Private\AIState_Base.cpp">
      <Filter>02. GameObjects\03. Monster\01. AIState</Filter>
    </ClCompile>
    <ClCompile Include="..\Private\EN00State_Idle.cpp">
      <Filter>02. GameObjects\03. Monster\00. EN00\00. State\00. Idle</Filter>
    </ClCompile>
    <ClCompile Include="..\Private\MonsterPart_EN00_Weapon.cpp">
      <Filter>02. GameObjects\03. Monster\00. EN00\01. Weapon</Filter>
    </ClCompile>
    <ClCompile Include="..\Private\EN00State_Chase.cpp">
      <Filter>02. GameObjects\03. Monster\00. EN00\00. State\01. Chase</Filter>
    </ClCompile>
    <ClCompile Include="..\Private\PlayerState_Attack1_End.cpp">
      <Filter>02. GameObjects\06. Player\02. States\Ground\03. Attack\00. NormalAttack\00. Attack1</Filter>
    </ClCompile>
    <ClCompile Include="..\Private\PlayerState_Attack2_End.cpp">
      <Filter>02. GameObjects\06. Player\02. States\Ground\03. Attack\00. NormalAttack\01. Attack2</Filter>
    </ClCompile>
    <ClCompile Include="..\Private\PlayerState_Attack3_End.cpp">
      <Filter>02. GameObjects\06. Player\02. States\Ground\03. Attack\00. NormalAttack\02. Attack3</Filter>
    </ClCompile>
    <ClCompile Include="..\Private\PlayerState_Attack4_End.cpp">
      <Filter>02. GameObjects\06. Player\02. States\Ground\03. Attack\00. NormalAttack\03. Attack4</Filter>
    </ClCompile>
  </ItemGroup>
  <ItemGroup>
    <Image Include="Client.ico">
      <Filter>98. Default</Filter>
    </Image>
    <Image Include="small.ico">
      <Filter>98. Default</Filter>
    </Image>
  </ItemGroup>
  <ItemGroup>
    <ResourceCompile Include="Client.rc">
      <Filter>98. Default</Filter>
    </ResourceCompile>
  </ItemGroup>
  <ItemGroup>
    <Text Include="ReadMe.txt">
      <Filter>98. Default</Filter>
    </Text>
  </ItemGroup>
  <ItemGroup>
    <FxCompile Include="..\Bin\ShaderFiles\Shader_VtxNorTex.hlsl">
      <Filter>97. ShaderFiles</Filter>
    </FxCompile>
    <FxCompile Include="..\Bin\ShaderFiles\Shader_VtxPosTex.hlsl">
      <Filter>97. ShaderFiles</Filter>
    </FxCompile>
    <FxCompile Include="..\Bin\ShaderFiles\Shader_Model.hlsl">
      <Filter>97. ShaderFiles</Filter>
    </FxCompile>
    <FxCompile Include="..\Bin\ShaderFiles\Shader_AnimModel.hlsl">
      <Filter>97. ShaderFiles</Filter>
    </FxCompile>
    <FxCompile Include="..\Bin\ShaderFiles\Shader_VtxCube.hlsl">
      <Filter>97. ShaderFiles</Filter>
    </FxCompile>
  </ItemGroup>
</Project>