<?xml version="1.0" encoding="utf-8"?>
<Project ToolsVersion="4.0" xmlns="http://schemas.microsoft.com/developer/msbuild/2003">
  <ItemGroup>
    <Filter Include="01. Levels">
      <UniqueIdentifier>{3742e855-bcac-44ad-93c4-3dc6cbc68094}</UniqueIdentifier>
    </Filter>
    <Filter Include="01. Levels\00. Logo">
      <UniqueIdentifier>{34cf0d0f-57e2-48b1-9c9d-2276d07783c2}</UniqueIdentifier>
    </Filter>
    <Filter Include="01. Levels\01. GamePlay">
      <UniqueIdentifier>{92d018f3-a6c8-486b-9d92-51080e12b461}</UniqueIdentifier>
    </Filter>
    <Filter Include="01. Levels\99. Loading">
      <UniqueIdentifier>{f67f555b-f04c-4326-84be-73a1aa08bde1}</UniqueIdentifier>
    </Filter>
    <Filter Include="01. Levels\99. Loading\00. Loader">
      <UniqueIdentifier>{11b3aa77-29ad-4e35-b331-c3b430a68bd2}</UniqueIdentifier>
    </Filter>
    <Filter Include="02. GameObjects">
      <UniqueIdentifier>{1078a563-b8ef-4990-b3c9-f0f585cc6fe4}</UniqueIdentifier>
    </Filter>
    <Filter Include="00. MainApp">
      <UniqueIdentifier>{2cfdbdba-d09d-4d9f-9f66-5e12443d9a69}</UniqueIdentifier>
    </Filter>
    <Filter Include="98. Default">
      <UniqueIdentifier>{c8fc70c9-4562-44c8-adee-b81493838b19}</UniqueIdentifier>
    </Filter>
    <Filter Include="99. Defines">
      <UniqueIdentifier>{256bc7ed-2d60-4917-8de6-df2f9e1003c8}</UniqueIdentifier>
    </Filter>
    <Filter Include="97. ShaderFiles">
      <UniqueIdentifier>{24e0b56f-5d1f-4909-aca5-64574300bb2a}</UniqueIdentifier>
    </Filter>
    <Filter Include="02. GameObjects\00. BackGround">
      <UniqueIdentifier>{b50cc984-2aa1-4b9e-a9a7-9fa009b3ce81}</UniqueIdentifier>
    </Filter>
    <Filter Include="02. GameObjects\01. Terrain">
      <UniqueIdentifier>{cbed23a2-648e-4a7e-bf6c-2307327cd5b7}</UniqueIdentifier>
    </Filter>
    <Filter Include="96. Tool">
      <UniqueIdentifier>{5f62bc42-1dca-4fb9-8ec9-a2dc5b6fdc72}</UniqueIdentifier>
    </Filter>
    <Filter Include="96. Tool\99. Default">
      <UniqueIdentifier>{e9548e12-89e2-4a29-9a73-08d5a35909a6}</UniqueIdentifier>
    </Filter>
    <Filter Include="01. Levels\98. Tool">
      <UniqueIdentifier>{4775b4c8-e272-432a-88a4-c672de29dbbf}</UniqueIdentifier>
    </Filter>
    <Filter Include="02. GameObjects\02. Camera">
      <UniqueIdentifier>{c8faaff6-acda-4629-a9ac-515ae831dc7b}</UniqueIdentifier>
    </Filter>
    <Filter Include="96. Tool\00. Camera">
      <UniqueIdentifier>{136c76e3-85ab-4107-b8a6-79d1101a825f}</UniqueIdentifier>
    </Filter>
    <Filter Include="02. GameObjects\01. Terrain\00. Dynamic">
      <UniqueIdentifier>{7161916a-d47f-4bbc-813a-b125f734fb18}</UniqueIdentifier>
    </Filter>
    <Filter Include="02. GameObjects\98. NonAnimObject">
      <UniqueIdentifier>{df94b58a-430c-4d3c-b363-7e67629d8787}</UniqueIdentifier>
    </Filter>
    <Filter Include="02. GameObjects\99. AnimModelObject">
      <UniqueIdentifier>{07b8b8d7-2612-4c0c-bd87-ce9fa43a95f1}</UniqueIdentifier>
    </Filter>
    <Filter Include="02. GameObjects\02. Camera\Target">
      <UniqueIdentifier>{f52a89cb-a66a-433e-bd0c-c4d4789f5bac}</UniqueIdentifier>
    </Filter>
    <Filter Include="96. Tool\01. Field">
      <UniqueIdentifier>{50e8fee4-a339-490f-820f-e49add5e08f3}</UniqueIdentifier>
    </Filter>
    <Filter Include="02. GameObjects\99. AnimModelObject\00. Player">
      <UniqueIdentifier>{fcad7db1-bfa0-4bd6-8780-e7e6f6bceb78}</UniqueIdentifier>
    </Filter>
    <Filter Include="02. GameObjects\99. AnimModelObject\00. Player\00. Body">
      <UniqueIdentifier>{ce5bfef5-cc7d-406e-910b-5ad5e725eed1}</UniqueIdentifier>
    </Filter>
    <Filter Include="02. GameObjects\99. AnimModelObject\00. Player\01. Weapon">
      <UniqueIdentifier>{75bc0754-d80f-4d51-9264-ce1835c3f679}</UniqueIdentifier>
    </Filter>
    <Filter Include="02. GameObjects\99. AnimModelObject\00. Player\02. States">
      <UniqueIdentifier>{7c36e6bb-ad3f-4a5b-bd5f-431563f7b19a}</UniqueIdentifier>
    </Filter>
    <Filter Include="02. GameObjects\99. AnimModelObject\00. Player\02. States\Ground">
      <UniqueIdentifier>{8119e7d1-dbe9-4a50-a7c5-917e76947ea7}</UniqueIdentifier>
    </Filter>
    <Filter Include="02. GameObjects\99. AnimModelObject\00. Player\02. States\Ground\02. Run">
      <UniqueIdentifier>{2dc1b869-c23d-425f-8f0a-b5643b706970}</UniqueIdentifier>
    </Filter>
    <Filter Include="02. GameObjects\99. AnimModelObject\00. Player\02. States\Ground\01. Walk">
      <UniqueIdentifier>{196dd11c-220b-44fe-9bb7-4a3f0283cdc4}</UniqueIdentifier>
    </Filter>
    <Filter Include="02. GameObjects\99. AnimModelObject\00. Player\02. States\Ground\00. Idle">
      <UniqueIdentifier>{893a29b7-eef4-4fef-8029-0afd549de15d}</UniqueIdentifier>
    </Filter>
    <Filter Include="02. GameObjects\99. AnimModelObject\00. Player\02. States\Ground\03. Attack">
      <UniqueIdentifier>{acee4c7a-4f18-4c9c-a501-24456e15e354}</UniqueIdentifier>
    </Filter>
    <Filter Include="02. GameObjects\99. AnimModelObject\00. Player\02. States\Ground\03. Attack\00. NormalAttack">
      <UniqueIdentifier>{5aaac1eb-aa62-42f4-aebc-c0df1f680a04}</UniqueIdentifier>
    </Filter>
    <Filter Include="02. GameObjects\99. AnimModelObject\00. Player\02. States\Ground\03. Attack\00. NormalAttack\00. Attack1">
      <UniqueIdentifier>{31841d56-8617-49fb-9046-6873df4d2473}</UniqueIdentifier>
    </Filter>
    <Filter Include="02. GameObjects\99. AnimModelObject\00. Player\02. States\Ground\03. Attack\00. NormalAttack\01. Attack2">
      <UniqueIdentifier>{9352a632-64a2-492d-8388-a52eef89b721}</UniqueIdentifier>
    </Filter>
    <Filter Include="02. GameObjects\99. AnimModelObject\00. Player\02. States\Ground\03. Attack\00. NormalAttack\02. Attack3">
      <UniqueIdentifier>{d93d0331-8b3e-4e33-a7c3-d44d632f38a2}</UniqueIdentifier>
    </Filter>
    <Filter Include="02. GameObjects\99. AnimModelObject\00. Player\02. States\Ground\03. Attack\00. NormalAttack\03. Attack4">
      <UniqueIdentifier>{f64a63e0-7d5b-4d15-a9fc-463410c33455}</UniqueIdentifier>
    </Filter>
    <Filter Include="02. GameObjects\99. AnimModelObject\00. Player\02. States\Ground\03. Attack\00. NormalAttack\04. Attack5">
      <UniqueIdentifier>{2c14b647-6041-4e36-b7cb-6b126bb16716}</UniqueIdentifier>
    </Filter>
    <Filter Include="02. GameObjects\99. AnimModelObject\00. Player\02. States\Ground\03. Attack\00. NormalAttack\05. Attack6">
      <UniqueIdentifier>{d8f0d604-6c81-4f91-98c5-7c4544f915b9}</UniqueIdentifier>
    </Filter>
    <Filter Include="02. GameObjects\99. AnimModelObject\00. Player\02. States\Ground\03. Attack\00. NormalAttack\06. Attack7">
      <UniqueIdentifier>{56f98632-ca43-4d26-aa5b-0371e517a7b4}</UniqueIdentifier>
    </Filter>
    <Filter Include="02. GameObjects\99. AnimModelObject\00. Player\02. States\Ground\03. Attack\00. NormalAttack\07. Attack8">
      <UniqueIdentifier>{89521753-c263-4bd2-a1ba-ab0fbfd5bc51}</UniqueIdentifier>
    </Filter>
    <Filter Include="02. GameObjects\99. AnimModelObject\00. Player\02. States\Air">
      <UniqueIdentifier>{8d25e29b-0a8e-4376-b248-fb40f3f1ed46}</UniqueIdentifier>
    </Filter>
    <Filter Include="02. GameObjects\99. AnimModelObject\00. Player\02. States\Air\00. Jump">
      <UniqueIdentifier>{e581d527-8655-4324-8606-a8ec9109036d}</UniqueIdentifier>
    </Filter>
    <Filter Include="02. GameObjects\99. AnimModelObject\01. Monster">
      <UniqueIdentifier>{fbc59e0b-f0ac-4d8e-aebc-9ddfff558ab6}</UniqueIdentifier>
    </Filter>
    <Filter Include="02. GameObjects\99. AnimModelObject\01. Monster\00. EN00">
      <UniqueIdentifier>{ac78bc3c-8daf-4dbf-b6fd-9c4355bf83c3}</UniqueIdentifier>
    </Filter>
    <Filter Include="02. GameObjects\99. AnimModelObject\01. Monster\00. EN00\01. Weapon">
      <UniqueIdentifier>{7e3eb02d-aa44-4cb1-995a-e598e2b1c3ec}</UniqueIdentifier>
    </Filter>
    <Filter Include="02. GameObjects\03. SkyBox">
      <UniqueIdentifier>{37545faa-2817-411b-ae58-6edd100cdf2c}</UniqueIdentifier>
    </Filter>
    <Filter Include="02. GameObjects\98. NonAnimObject\00. Map">
      <UniqueIdentifier>{52f6ea65-eaad-4354-a8e5-ec50b03fac44}</UniqueIdentifier>
    </Filter>
    <Filter Include="02. GameObjects\98. NonAnimObject\00. Map\Stage1">
      <UniqueIdentifier>{51ba8aeb-cc67-4971-8d64-76fd62774625}</UniqueIdentifier>
    </Filter>
    <Filter Include="02. GameObjects\98. NonAnimObject\00. Map\Stage1\Map1">
      <UniqueIdentifier>{43a7999b-10aa-46b7-9ddc-bfbc61211d8c}</UniqueIdentifier>
    </Filter>
    <Filter Include="02. GameObjects\98. NonAnimObject\05. Barricade">
      <UniqueIdentifier>{bf5c7d1a-5bf0-4684-9129-bbc6193470bf}</UniqueIdentifier>
    </Filter>
    <Filter Include="02. GameObjects\98. NonAnimObject\05. Barricade\Broken">
      <UniqueIdentifier>{cdc1ed2f-a42d-4a1a-bdf3-a2ec61e6b2f9}</UniqueIdentifier>
    </Filter>
    <Filter Include="02. GameObjects\98. NonAnimObject\99. EnvironmentObject">
      <UniqueIdentifier>{203f6293-1a54-49e6-bfc0-9780067891ff}</UniqueIdentifier>
    </Filter>
    <Filter Include="02. GameObjects\04. SkyDome">
      <UniqueIdentifier>{a58e2906-de3f-4288-91fc-29bfe77fc500}</UniqueIdentifier>
    </Filter>
    <Filter Include="02. GameObjects\05. Effects">
      <UniqueIdentifier>{d6f3bc27-28ee-4805-8fb2-8f76871241b7}</UniqueIdentifier>
    </Filter>
    <Filter Include="02. GameObjects\05. Effects\Particles">
      <UniqueIdentifier>{c3303b44-6d50-4ae9-a9fc-347744853c2a}</UniqueIdentifier>
    </Filter>
    <Filter Include="02. GameObjects\05. Effects\Particles\Blue">
      <UniqueIdentifier>{f143126c-bc3c-46b8-9036-13511a79211f}</UniqueIdentifier>
    </Filter>
    <Filter Include="02. GameObjects\05. Effects\Particles\Red">
      <UniqueIdentifier>{55049603-f789-48d4-9a73-a0c3aa9b793d}</UniqueIdentifier>
    </Filter>
    <Filter Include="02. GameObjects\05. Effects\Explosion">
      <UniqueIdentifier>{b8d05546-3dd4-4a95-9a5c-b2159c909f43}</UniqueIdentifier>
    </Filter>
    <Filter Include="02. GameObjects\99. AnimModelObject\00. Player\02. States\Ground\04. Dash">
      <UniqueIdentifier>{6cde0625-5f53-4b11-987b-ee1444f4bd3e}</UniqueIdentifier>
    </Filter>
    <Filter Include="02. GameObjects\99. AnimModelObject\01. Monster\99. AIState">
      <UniqueIdentifier>{f2106f62-feee-4e6d-92ff-72dbe6d5b4b6}</UniqueIdentifier>
    </Filter>
    <Filter Include="02. GameObjects\99. AnimModelObject\01. Monster\99. AIState\00. Control">
      <UniqueIdentifier>{35022697-288f-48e8-8101-57889c20b2a9}</UniqueIdentifier>
    </Filter>
    <Filter Include="02. GameObjects\99. AnimModelObject\01. Monster\99. AIState\01. Task">
      <UniqueIdentifier>{25e47424-5c35-4db9-88b8-c09749a9a9a4}</UniqueIdentifier>
    </Filter>
    <Filter Include="02. GameObjects\99. AnimModelObject\01. Monster\02. EN70">
      <UniqueIdentifier>{f9577f29-18a9-4896-aa42-f2c4378b81b5}</UniqueIdentifier>
    </Filter>
    <Filter Include="02. GameObjects\99. AnimModelObject\01. Monster\01. EN01">
      <UniqueIdentifier>{b2e96c03-f4d8-4d68-a44b-17584cb10e76}</UniqueIdentifier>
    </Filter>
    <Filter Include="02. GameObjects\06. Bullets">
      <UniqueIdentifier>{99b41ced-dff5-4b5e-b0ec-e66e61a8eee1}</UniqueIdentifier>
    </Filter>
    <Filter Include="02. GameObjects\06. Bullets\00. EN01_Arrow">
      <UniqueIdentifier>{5b392ff1-6cb6-4ef7-9ad6-21e0546a8167}</UniqueIdentifier>
    </Filter>
  </ItemGroup>
  <ItemGroup>
    <ClInclude Include="Client.h">
      <Filter>98. Default</Filter>
    </ClInclude>
    <ClInclude Include="Resource.h">
      <Filter>98. Default</Filter>
    </ClInclude>
    <ClInclude Include="stdafx.h">
      <Filter>98. Default</Filter>
    </ClInclude>
    <ClInclude Include="targetver.h">
      <Filter>98. Default</Filter>
    </ClInclude>
    <ClInclude Include="..\Public\Client_Defines.h">
      <Filter>99. Defines</Filter>
    </ClInclude>
    <ClInclude Include="..\public\MainApp.h">
      <Filter>00. MainApp</Filter>
    </ClInclude>
    <ClInclude Include="..\Public\Level_Logo.h">
      <Filter>01. Levels\00. Logo</Filter>
    </ClInclude>
    <ClInclude Include="..\Public\Level_Loading.h">
      <Filter>01. Levels\99. Loading</Filter>
    </ClInclude>
    <ClInclude Include="..\Public\Level_GamePlay.h">
      <Filter>01. Levels\01. GamePlay</Filter>
    </ClInclude>
    <ClInclude Include="..\Public\Loader.h">
      <Filter>01. Levels\99. Loading\00. Loader</Filter>
    </ClInclude>
    <ClInclude Include="..\Public\BackGround.h">
      <Filter>02. GameObjects\00. BackGround</Filter>
    </ClInclude>
    <ClInclude Include="..\Public\Terrain.h">
      <Filter>02. GameObjects\01. Terrain</Filter>
    </ClInclude>
    <ClInclude Include="..\..\Reference\Imgui\imgui_impl_dx11.h">
      <Filter>96. Tool\99. Default</Filter>
    </ClInclude>
    <ClInclude Include="..\..\Reference\Imgui\imgui_impl_win32.h">
      <Filter>96. Tool\99. Default</Filter>
    </ClInclude>
    <ClInclude Include="..\..\Reference\Imgui\imgui_internal.h">
      <Filter>96. Tool\99. Default</Filter>
    </ClInclude>
    <ClInclude Include="..\..\Reference\Imgui\imstb_rectpack.h">
      <Filter>96. Tool\99. Default</Filter>
    </ClInclude>
    <ClInclude Include="..\..\Reference\Imgui\imstb_textedit.h">
      <Filter>96. Tool\99. Default</Filter>
    </ClInclude>
    <ClInclude Include="..\..\Reference\Imgui\imstb_truetype.h">
      <Filter>96. Tool\99. Default</Filter>
    </ClInclude>
    <ClInclude Include="..\..\Reference\Imgui\imgui.h">
      <Filter>96. Tool\99. Default</Filter>
    </ClInclude>
    <ClInclude Include="..\Public\Level_Tool.h">
      <Filter>01. Levels\98. Tool</Filter>
    </ClInclude>
    <ClInclude Include="..\public\Camera_Dynamic.h">
      <Filter>02. GameObjects\02. Camera</Filter>
    </ClInclude>
    <ClInclude Include="..\Public\Camera_MapTool.h">
      <Filter>96. Tool\00. Camera</Filter>
    </ClInclude>
    <ClInclude Include="..\public\Monster.h">
      <Filter>02. GameObjects\99. AnimModelObject\01. Monster</Filter>
    </ClInclude>
    <ClInclude Include="..\public\Dynamic_Terrain.h">
      <Filter>02. GameObjects\01. Terrain\00. Dynamic</Filter>
    </ClInclude>
    <ClInclude Include="..\public\NonAnimObject.h">
      <Filter>02. GameObjects\98. NonAnimObject</Filter>
    </ClInclude>
    <ClInclude Include="..\public\AnimObject.h">
      <Filter>02. GameObjects\99. AnimModelObject</Filter>
    </ClInclude>
    <ClInclude Include="..\..\Reference\Imgui\ImGuizmo.h">
      <Filter>96. Tool\99. Default</Filter>
    </ClInclude>
    <ClInclude Include="..\..\Reference\Imgui\ImSequencer.h">
      <Filter>96. Tool\99. Default</Filter>
    </ClInclude>
    <ClInclude Include="..\..\Reference\Imgui\ImZoomSlider.h">
      <Filter>96. Tool\99. Default</Filter>
    </ClInclude>
    <ClInclude Include="..\..\Reference\Imgui\GraphEditor.h">
      <Filter>96. Tool\99. Default</Filter>
    </ClInclude>
    <ClInclude Include="..\..\Reference\Imgui\ImCurveEdit.h">
      <Filter>96. Tool\99. Default</Filter>
    </ClInclude>
    <ClInclude Include="..\..\Reference\Imgui\ImGradient.h">
      <Filter>96. Tool\99. Default</Filter>
    </ClInclude>
    <ClInclude Include="Tool_Define.h">
      <Filter>99. Defines</Filter>
    </ClInclude>
    <ClInclude Include="..\ThirdPartyLib\ImGuiFileDialog\ImGuiFileDialog.h">
      <Filter>96. Tool\99. Default</Filter>
    </ClInclude>
    <ClInclude Include="..\ThirdPartyLib\ImGuiFileDialog\ImGuiFileDialogConfig.h">
      <Filter>96. Tool\99. Default</Filter>
    </ClInclude>
    <ClInclude Include="..\Public\Imgui_Manager.h">
      <Filter>96. Tool</Filter>
    </ClInclude>
    <ClInclude Include="..\Public\CustomDialogFont.h">
      <Filter>99. Defines</Filter>
    </ClInclude>
    <ClInclude Include="..\Public\Player.h">
      <Filter>02. GameObjects\99. AnimModelObject\00. Player</Filter>
    </ClInclude>
    <ClInclude Include="..\public\SkyBox.h">
      <Filter>02. GameObjects\03. SkyBox</Filter>
    </ClInclude>
    <ClInclude Include="..\Public\PlayerPart_Body.h">
      <Filter>02. GameObjects\99. AnimModelObject\00. Player\00. Body</Filter>
    </ClInclude>
    <ClInclude Include="..\Public\PlayerPart_Weapon.h">
      <Filter>02. GameObjects\99. AnimModelObject\00. Player\01. Weapon</Filter>
    </ClInclude>
    <ClInclude Include="..\public\PlayerState_Base.h">
      <Filter>02. GameObjects\99. AnimModelObject\00. Player\02. States</Filter>
    </ClInclude>
    <ClInclude Include="..\Public\PlayerState_Idle.h">
      <Filter>02. GameObjects\99. AnimModelObject\00. Player\02. States\Ground\00. Idle</Filter>
    </ClInclude>
    <ClInclude Include="..\Public\PlayerState_Walk.h">
      <Filter>02. GameObjects\99. AnimModelObject\00. Player\02. States\Ground\01. Walk</Filter>
    </ClInclude>
    <ClInclude Include="..\Public\PlayerState_Run.h">
      <Filter>02. GameObjects\99. AnimModelObject\00. Player\02. States\Ground\02. Run</Filter>
    </ClInclude>
    <ClInclude Include="..\Public\PlayerState_Jump.h">
      <Filter>02. GameObjects\99. AnimModelObject\00. Player\02. States\Air\00. Jump</Filter>
    </ClInclude>
    <ClInclude Include="..\Public\PlayerState_Attack1.h">
      <Filter>02. GameObjects\99. AnimModelObject\00. Player\02. States\Ground\03. Attack\00. NormalAttack\00. Attack1</Filter>
    </ClInclude>
    <ClInclude Include="..\Public\PlayerState_Attack2.h">
      <Filter>02. GameObjects\99. AnimModelObject\00. Player\02. States\Ground\03. Attack\00. NormalAttack\01. Attack2</Filter>
    </ClInclude>
    <ClInclude Include="..\Public\PlayerState_Attack3.h">
      <Filter>02. GameObjects\99. AnimModelObject\00. Player\02. States\Ground\03. Attack\00. NormalAttack\02. Attack3</Filter>
    </ClInclude>
    <ClInclude Include="..\Public\PlayerState_Attack4.h">
      <Filter>02. GameObjects\99. AnimModelObject\00. Player\02. States\Ground\03. Attack\00. NormalAttack\03. Attack4</Filter>
    </ClInclude>
    <ClInclude Include="..\Public\Monster_EN00.h">
      <Filter>02. GameObjects\99. AnimModelObject\01. Monster\00. EN00</Filter>
    </ClInclude>
    <ClInclude Include="..\public\AIState_Base.h">
      <Filter>02. GameObjects\99. AnimModelObject\01. Monster\99. AIState</Filter>
    </ClInclude>
    <ClInclude Include="..\Public\MonsterPart_EN00_Weapon.h">
      <Filter>02. GameObjects\99. AnimModelObject\01. Monster\00. EN00\01. Weapon</Filter>
    </ClInclude>
    <ClInclude Include="..\Public\PlayerGroundStates.h">
      <Filter>02. GameObjects\99. AnimModelObject\00. Player\02. States\Ground</Filter>
    </ClInclude>
    <ClInclude Include="..\Public\PlayerState_NormalAttackBase.h">
      <Filter>02. GameObjects\99. AnimModelObject\00. Player\02. States\Ground\03. Attack\00. NormalAttack</Filter>
    </ClInclude>
    <ClInclude Include="..\Public\PlayerState_Attack5.h">
      <Filter>02. GameObjects\99. AnimModelObject\00. Player\02. States\Ground\03. Attack\00. NormalAttack\04. Attack5</Filter>
    </ClInclude>
    <ClInclude Include="..\Public\PlayerState_Attack6.h">
      <Filter>02. GameObjects\99. AnimModelObject\00. Player\02. States\Ground\03. Attack\00. NormalAttack\05. Attack6</Filter>
    </ClInclude>
    <ClInclude Include="..\Public\PlayerState_Attack7.h">
      <Filter>02. GameObjects\99. AnimModelObject\00. Player\02. States\Ground\03. Attack\00. NormalAttack\06. Attack7</Filter>
    </ClInclude>
    <ClInclude Include="..\Public\PlayerState_Attack8.h">
      <Filter>02. GameObjects\99. AnimModelObject\00. Player\02. States\Ground\03. Attack\00. NormalAttack\07. Attack8</Filter>
    </ClInclude>
    <ClInclude Include="..\Public\AIControl_Base.h">
      <Filter>02. GameObjects\99. AnimModelObject\01. Monster\99. AIState\00. Control</Filter>
    </ClInclude>
    <ClInclude Include="..\public\AITask_Base.h">
      <Filter>02. GameObjects\99. AnimModelObject\01. Monster\99. AIState\01. Task</Filter>
    </ClInclude>
    <ClInclude Include="..\Public\Camera_Target.h">
      <Filter>02. GameObjects\02. Camera\Target</Filter>
    </ClInclude>
    <ClInclude Include="..\Public\Stage1Map_1.h">
      <Filter>02. GameObjects\98. NonAnimObject\00. Map\Stage1\Map1</Filter>
    </ClInclude>
    <ClInclude Include="..\Public\Field.h">
      <Filter>96. Tool\01. Field</Filter>
    </ClInclude>
    <ClInclude Include="NonAnimObjects.h">
      <Filter>02. GameObjects</Filter>
    </ClInclude>
    <ClInclude Include="AnimObjects.h">
      <Filter>02. GameObjects</Filter>
    </ClInclude>
    <ClInclude Include="..\Public\Environment_Barricade.h">
      <Filter>02. GameObjects\98. NonAnimObject\05. Barricade</Filter>
    </ClInclude>
    <ClInclude Include="..\Public\Environment_BrokenBarricade.h">
      <Filter>02. GameObjects\98. NonAnimObject\05. Barricade\Broken</Filter>
    </ClInclude>
    <ClInclude Include="..\public\Environment_Object.h">
      <Filter>02. GameObjects\98. NonAnimObject\99. EnvironmentObject</Filter>
    </ClInclude>
    <ClInclude Include="..\Public\SkyDome.h">
      <Filter>02. GameObjects\04. SkyDome</Filter>
    </ClInclude>
    <ClInclude Include="..\Public\Particle_Blue.h">
      <Filter>02. GameObjects\05. Effects\Particles\Blue</Filter>
    </ClInclude>
    <ClInclude Include="..\Public\Particle_Red.h">
      <Filter>02. GameObjects\05. Effects\Particles\Red</Filter>
    </ClInclude>
    <ClInclude Include="..\Public\Effect_Explosion.h">
      <Filter>02. GameObjects\05. Effects\Explosion</Filter>
    </ClInclude>
    <ClInclude Include="..\Public\PlayerState_DashLeft.h">
      <Filter>02. GameObjects\99. AnimModelObject\00. Player\02. States\Ground\04. Dash</Filter>
    </ClInclude>
    <ClInclude Include="..\Public\PlayerState_DashBack.h">
      <Filter>02. GameObjects\99. AnimModelObject\00. Player\02. States\Ground\04. Dash</Filter>
    </ClInclude>
    <ClInclude Include="..\Public\PlayerState_DashFront.h">
      <Filter>02. GameObjects\99. AnimModelObject\00. Player\02. States\Ground\04. Dash</Filter>
    </ClInclude>
    <ClInclude Include="..\Public\PlayerState_DashRight.h">
      <Filter>02. GameObjects\99. AnimModelObject\00. Player\02. States\Ground\04. Dash</Filter>
    </ClInclude>
    <ClInclude Include="..\Public\Monster_EN70.h">
      <Filter>02. GameObjects\99. AnimModelObject\01. Monster\02. EN70</Filter>
    </ClInclude>
    <ClInclude Include="..\Public\MonsterPart_EN70_Weapon.h">
      <Filter>02. GameObjects\99. AnimModelObject\01. Monster\02. EN70</Filter>
    </ClInclude>
    <ClInclude Include="..\Public\MonsterPart_EN01_Weapon.h">
      <Filter>02. GameObjects\99. AnimModelObject\01. Monster\01. EN01</Filter>
    </ClInclude>
    <ClInclude Include="..\Public\Monster_EN01.h">
      <Filter>02. GameObjects\99. AnimModelObject\01. Monster\01. EN01</Filter>
    </ClInclude>
    <ClInclude Include="..\Public\Bullet.h">
      <Filter>02. GameObjects\06. Bullets</Filter>
    </ClInclude>
    <ClInclude Include="..\public\EN01_Arrow.h">
      <Filter>02. GameObjects\06. Bullets\00. EN01_Arrow</Filter>
    </ClInclude>
  </ItemGroup>
  <ItemGroup>
    <ClCompile Include="Client.cpp">
      <Filter>98. Default</Filter>
    </ClCompile>
    <ClCompile Include="stdafx.cpp">
      <Filter>98. Default</Filter>
    </ClCompile>
    <ClCompile Include="..\private\MainApp.cpp">
      <Filter>00. MainApp</Filter>
    </ClCompile>
    <ClCompile Include="..\Private\Level_Logo.cpp">
      <Filter>01. Levels\00. Logo</Filter>
    </ClCompile>
    <ClCompile Include="..\Private\Level_GamePlay.cpp">
      <Filter>01. Levels\01. GamePlay</Filter>
    </ClCompile>
    <ClCompile Include="..\Private\Level_Loading.cpp">
      <Filter>01. Levels\99. Loading</Filter>
    </ClCompile>
    <ClCompile Include="..\Private\Loader.cpp">
      <Filter>01. Levels\99. Loading\00. Loader</Filter>
    </ClCompile>
    <ClCompile Include="..\Private\BackGround.cpp">
      <Filter>02. GameObjects\00. BackGround</Filter>
    </ClCompile>
    <ClCompile Include="..\Private\Terrain.cpp">
      <Filter>02. GameObjects\01. Terrain</Filter>
    </ClCompile>
    <ClCompile Include="..\..\Reference\Imgui\imgui_draw.cpp">
      <Filter>96. Tool\99. Default</Filter>
    </ClCompile>
    <ClCompile Include="..\..\Reference\Imgui\imgui_impl_dx11.cpp">
      <Filter>96. Tool\99. Default</Filter>
    </ClCompile>
    <ClCompile Include="..\..\Reference\Imgui\imgui_impl_win32.cpp">
      <Filter>96. Tool\99. Default</Filter>
    </ClCompile>
    <ClCompile Include="..\..\Reference\Imgui\imgui_tables.cpp">
      <Filter>96. Tool\99. Default</Filter>
    </ClCompile>
    <ClCompile Include="..\..\Reference\Imgui\imgui_widgets.cpp">
      <Filter>96. Tool\99. Default</Filter>
    </ClCompile>
    <ClCompile Include="..\..\Reference\Imgui\imgui.cpp">
      <Filter>96. Tool\99. Default</Filter>
    </ClCompile>
    <ClCompile Include="..\..\Reference\Imgui\imgui_demo.cpp">
      <Filter>96. Tool\99. Default</Filter>
    </ClCompile>
    <ClCompile Include="..\Private\Level_Tool.cpp">
      <Filter>01. Levels\98. Tool</Filter>
    </ClCompile>
    <ClCompile Include="..\Private\Camera_Dynamic.cpp">
      <Filter>02. GameObjects\02. Camera</Filter>
    </ClCompile>
    <ClCompile Include="..\Private\Camera_MapTool.cpp">
      <Filter>96. Tool\00. Camera</Filter>
    </ClCompile>
    <ClCompile Include="..\Private\Monster.cpp">
      <Filter>02. GameObjects\99. AnimModelObject\01. Monster</Filter>
    </ClCompile>
    <ClCompile Include="..\Private\Dynamic_Terrain.cpp">
      <Filter>02. GameObjects\01. Terrain\00. Dynamic</Filter>
    </ClCompile>
    <ClCompile Include="..\Private\AnimObject.cpp">
      <Filter>02. GameObjects\99. AnimModelObject</Filter>
    </ClCompile>
    <ClCompile Include="..\Private\NonAnimObject.cpp">
      <Filter>02. GameObjects\98. NonAnimObject</Filter>
    </ClCompile>
    <ClCompile Include="..\ThirdPartyLib\ImGuiFileDialog\ImGuiFileDialog.cpp">
      <Filter>96. Tool\99. Default</Filter>
    </ClCompile>
    <ClCompile Include="..\Private\Imgui_Manager.cpp">
      <Filter>96. Tool</Filter>
    </ClCompile>
    <ClCompile Include="..\Private\CustomDialogFont.cpp">
      <Filter>99. Defines</Filter>
    </ClCompile>
    <ClCompile Include="..\Private\Player.cpp">
      <Filter>02. GameObjects\99. AnimModelObject\00. Player</Filter>
    </ClCompile>
    <ClCompile Include="..\private\SkyBox.cpp">
      <Filter>02. GameObjects\03. SkyBox</Filter>
    </ClCompile>
    <ClCompile Include="..\Private\PlayerPart_Body.cpp">
      <Filter>02. GameObjects\99. AnimModelObject\00. Player\00. Body</Filter>
    </ClCompile>
    <ClCompile Include="..\Private\PlayerPart_Weapon.cpp">
      <Filter>02. GameObjects\99. AnimModelObject\00. Player\01. Weapon</Filter>
    </ClCompile>
    <ClCompile Include="..\Private\PlayerState_Base.cpp">
      <Filter>02. GameObjects\99. AnimModelObject\00. Player\02. States</Filter>
    </ClCompile>
    <ClCompile Include="..\Private\PlayerState_Idle.cpp">
      <Filter>02. GameObjects\99. AnimModelObject\00. Player\02. States\Ground\00. Idle</Filter>
    </ClCompile>
    <ClCompile Include="..\Private\PlayerState_Walk.cpp">
      <Filter>02. GameObjects\99. AnimModelObject\00. Player\02. States\Ground\01. Walk</Filter>
    </ClCompile>
    <ClCompile Include="..\Private\PlayerState_Run.cpp">
      <Filter>02. GameObjects\99. AnimModelObject\00. Player\02. States\Ground\02. Run</Filter>
    </ClCompile>
    <ClCompile Include="..\Private\PlayerState_Jump.cpp">
      <Filter>02. GameObjects\99. AnimModelObject\00. Player\02. States\Air\00. Jump</Filter>
    </ClCompile>
    <ClCompile Include="..\Private\PlayerState_Attack1.cpp">
      <Filter>02. GameObjects\99. AnimModelObject\00. Player\02. States\Ground\03. Attack\00. NormalAttack\00. Attack1</Filter>
    </ClCompile>
    <ClCompile Include="..\Private\PlayerState_Attack2.cpp">
      <Filter>02. GameObjects\99. AnimModelObject\00. Player\02. States\Ground\03. Attack\00. NormalAttack\01. Attack2</Filter>
    </ClCompile>
    <ClCompile Include="..\Private\PlayerState_Attack3.cpp">
      <Filter>02. GameObjects\99. AnimModelObject\00. Player\02. States\Ground\03. Attack\00. NormalAttack\02. Attack3</Filter>
    </ClCompile>
    <ClCompile Include="..\Private\PlayerState_Attack4.cpp">
      <Filter>02. GameObjects\99. AnimModelObject\00. Player\02. States\Ground\03. Attack\00. NormalAttack\03. Attack4</Filter>
    </ClCompile>
    <ClCompile Include="..\Private\Monster_EN00.cpp">
      <Filter>02. GameObjects\99. AnimModelObject\01. Monster\00. EN00</Filter>
    </ClCompile>
    <ClCompile Include="..\Private\AIState_Base.cpp">
      <Filter>02. GameObjects\99. AnimModelObject\01. Monster\99. AIState</Filter>
    </ClCompile>
    <ClCompile Include="..\Private\MonsterPart_EN00_Weapon.cpp">
      <Filter>02. GameObjects\99. AnimModelObject\01. Monster\00. EN00\01. Weapon</Filter>
    </ClCompile>
    <ClCompile Include="..\Private\PlayerState_NormalAttackBase.cpp">
      <Filter>02. GameObjects\99. AnimModelObject\00. Player\02. States\Ground\03. Attack\00. NormalAttack</Filter>
    </ClCompile>
    <ClCompile Include="..\Private\PlayerState_Attack5.cpp">
      <Filter>02. GameObjects\99. AnimModelObject\00. Player\02. States\Ground\03. Attack\00. NormalAttack\04. Attack5</Filter>
    </ClCompile>
    <ClCompile Include="..\Private\PlayerState_Attack6.cpp">
      <Filter>02. GameObjects\99. AnimModelObject\00. Player\02. States\Ground\03. Attack\00. NormalAttack\05. Attack6</Filter>
    </ClCompile>
    <ClCompile Include="..\Private\PlayerState_Attack7.cpp">
      <Filter>02. GameObjects\99. AnimModelObject\00. Player\02. States\Ground\03. Attack\00. NormalAttack\06. Attack7</Filter>
    </ClCompile>
    <ClCompile Include="..\Private\PlayerState_Attack8.cpp">
      <Filter>02. GameObjects\99. AnimModelObject\00. Player\02. States\Ground\03. Attack\00. NormalAttack\07. Attack8</Filter>
    </ClCompile>
    <ClCompile Include="..\private\AIControl_Base.cpp">
      <Filter>02. GameObjects\99. AnimModelObject\01. Monster\99. AIState\00. Control</Filter>
    </ClCompile>
    <ClCompile Include="..\Private\AITask_Base.cpp">
      <Filter>02. GameObjects\99. AnimModelObject\01. Monster\99. AIState\01. Task</Filter>
    </ClCompile>
    <ClCompile Include="..\Private\Camera_Target.cpp">
      <Filter>02. GameObjects\02. Camera\Target</Filter>
    </ClCompile>
    <ClCompile Include="..\Private\Stage1Map_1.cpp">
      <Filter>02. GameObjects\98. NonAnimObject\00. Map\Stage1\Map1</Filter>
    </ClCompile>
    <ClCompile Include="..\Private\Field.cpp">
      <Filter>96. Tool\01. Field</Filter>
    </ClCompile>
    <ClCompile Include="..\Private\Environment_BrokenBarricade.cpp">
      <Filter>02. GameObjects\98. NonAnimObject\05. Barricade\Broken</Filter>
    </ClCompile>
    <ClCompile Include="..\Private\Environment_Barricade.cpp">
      <Filter>02. GameObjects\98. NonAnimObject\05. Barricade</Filter>
    </ClCompile>
    <ClCompile Include="..\private\Environment_Object.cpp">
      <Filter>02. GameObjects\98. NonAnimObject\99. EnvironmentObject</Filter>
    </ClCompile>
    <ClCompile Include="..\Private\SkyDome.cpp">
      <Filter>02. GameObjects\04. SkyDome</Filter>
    </ClCompile>
    <ClCompile Include="..\Private\Particle_Blue.cpp">
      <Filter>02. GameObjects\05. Effects\Particles\Blue</Filter>
    </ClCompile>
    <ClCompile Include="..\Private\Particle_Red.cpp">
      <Filter>02. GameObjects\05. Effects\Particles\Red</Filter>
    </ClCompile>
    <ClCompile Include="..\Private\Effect_Explosion.cpp">
      <Filter>02. GameObjects\05. Effects\Explosion</Filter>
    </ClCompile>
    <ClCompile Include="..\Private\PlayerState_DashBack.cpp">
      <Filter>02. GameObjects\99. AnimModelObject\00. Player\02. States\Ground\04. Dash</Filter>
    </ClCompile>
    <ClCompile Include="..\Private\PlayerState_DashFront.cpp">
      <Filter>02. GameObjects\99. AnimModelObject\00. Player\02. States\Ground\04. Dash</Filter>
    </ClCompile>
    <ClCompile Include="..\Private\PlayerState_DashLeft.cpp">
      <Filter>02. GameObjects\99. AnimModelObject\00. Player\02. States\Ground\04. Dash</Filter>
    </ClCompile>
    <ClCompile Include="..\Private\PlayerState_DashRight.cpp">
      <Filter>02. GameObjects\99. AnimModelObject\00. Player\02. States\Ground\04. Dash</Filter>
    </ClCompile>
    <ClCompile Include="..\Private\Monster_EN70.cpp">
      <Filter>02. GameObjects\99. AnimModelObject\01. Monster\02. EN70</Filter>
    </ClCompile>
    <ClCompile Include="..\Private\MonsterPart_EN70_Weapon.cpp">
      <Filter>02. GameObjects\99. AnimModelObject\01. Monster\02. EN70</Filter>
    </ClCompile>
    <ClCompile Include="..\Private\Monster_EN01.cpp">
      <Filter>02. GameObjects\99. AnimModelObject\01. Monster\01. EN01</Filter>
    </ClCompile>
    <ClCompile Include="..\Private\MonsterPart_EN01_Weapon.cpp">
      <Filter>02. GameObjects\99. AnimModelObject\01. Monster\01. EN01</Filter>
    </ClCompile>
    <ClCompile Include="..\Private\Bullet.cpp">
      <Filter>02. GameObjects\06. Bullets</Filter>
    </ClCompile>
    <ClCompile Include="..\Private\EN01_Arrow.cpp">
      <Filter>02. GameObjects\06. Bullets\00. EN01_Arrow</Filter>
    </ClCompile>
  </ItemGroup>
  <ItemGroup>
    <Image Include="Client.ico">
      <Filter>98. Default</Filter>
    </Image>
    <Image Include="small.ico">
      <Filter>98. Default</Filter>
    </Image>
  </ItemGroup>
  <ItemGroup>
    <ResourceCompile Include="Client.rc">
      <Filter>98. Default</Filter>
    </ResourceCompile>
  </ItemGroup>
  <ItemGroup>
    <Text Include="ReadMe.txt">
      <Filter>98. Default</Filter>
    </Text>
  </ItemGroup>
  <ItemGroup>
    <FxCompile Include="..\Bin\ShaderFiles\Shader_VtxNorTex.hlsl">
      <Filter>97. ShaderFiles</Filter>
    </FxCompile>
    <FxCompile Include="..\Bin\ShaderFiles\Shader_VtxPosTex.hlsl">
      <Filter>97. ShaderFiles</Filter>
    </FxCompile>
    <FxCompile Include="..\Bin\ShaderFiles\Shader_Model.hlsl">
      <Filter>97. ShaderFiles</Filter>
    </FxCompile>
    <FxCompile Include="..\Bin\ShaderFiles\Shader_AnimModel.hlsl">
      <Filter>97. ShaderFiles</Filter>
    </FxCompile>
    <FxCompile Include="..\Bin\ShaderFiles\Shader_VtxCube.hlsl">
      <Filter>97. ShaderFiles</Filter>
    </FxCompile>
    <FxCompile Include="..\Bin\ShaderFiles\Shader_Particle_Rect.hlsl">
      <Filter>97. ShaderFiles</Filter>
    </FxCompile>
    <FxCompile Include="..\Bin\ShaderFiles\Shader_VtxField.hlsl">
      <Filter>97. ShaderFiles</Filter>
    </FxCompile>
    <FxCompile Include="..\Bin\ShaderFiles\Shader_Particle_Point.hlsl">
      <Filter>97. ShaderFiles</Filter>
    </FxCompile>
  </ItemGroup>
</Project>